// !$*UTF8*$!
{
	archiveVersion = 1;
	classes = {
	};
	objectVersion = 51;
	objects = {

/* Begin PBXBuildFile section */
		307074EF1457C676BC67552F /* Pods_SeasoningManagement.framework in Frameworks */ = {isa = PBXBuildFile; fileRef = 07FEDE3824B93F6516AE1839 /* Pods_SeasoningManagement.framework */; };
		314853D10155699CEAD97E11 /* Pods_SeasoningManagementTests.framework in Frameworks */ = {isa = PBXBuildFile; fileRef = CF187730ECA040F96406FA8A /* Pods_SeasoningManagementTests.framework */; };
		3A04E5F9246C0D08004651E5 /* SMUsingSeasoningCollectionViewCell.xib in Resources */ = {isa = PBXBuildFile; fileRef = 3A04E5F8246C0D08004651E5 /* SMUsingSeasoningCollectionViewCell.xib */; };
		3A04E5FB246C0FD4004651E5 /* SMUsingSeasoningCollectionViewCell.swift in Sources */ = {isa = PBXBuildFile; fileRef = 3A04E5FA246C0FD4004651E5 /* SMUsingSeasoningCollectionViewCell.swift */; };
		3A13074824A75C0300297C85 /* SMSelectAddStockSeasoningTableViewModel.swift in Sources */ = {isa = PBXBuildFile; fileRef = 3A13074724A75C0300297C85 /* SMSelectAddStockSeasoningTableViewModel.swift */; };
		3A13074A24A7647A00297C85 /* SMSelectAddStockSeasoningTableViewCell.xib in Resources */ = {isa = PBXBuildFile; fileRef = 3A13074924A7647A00297C85 /* SMSelectAddStockSeasoningTableViewCell.xib */; };
		3A13074C24A7652500297C85 /* SMSelectAddSeasoningTableViewCell.swift in Sources */ = {isa = PBXBuildFile; fileRef = 3A13074B24A7652500297C85 /* SMSelectAddSeasoningTableViewCell.swift */; };
		3A166B88246FE089002C2E36 /* SMAddUsingSeasoningViewController.swift in Sources */ = {isa = PBXBuildFile; fileRef = 3A166B87246FE089002C2E36 /* SMAddUsingSeasoningViewController.swift */; };
		3A166B8A246FE368002C2E36 /* SMDetailUsingSeasoningViewController.swift in Sources */ = {isa = PBXBuildFile; fileRef = 3A166B89246FE368002C2E36 /* SMDetailUsingSeasoningViewController.swift */; };
		3A2E5588248BC11200EABCC8 /* SMSeasoningEditViewHeader.xib in Resources */ = {isa = PBXBuildFile; fileRef = 3A2E5587248BC11200EABCC8 /* SMSeasoningEditViewHeader.xib */; };
		3A40D54524A8C22E00DC49D5 /* SeasoningManagerCommon.framework in Frameworks */ = {isa = PBXBuildFile; fileRef = 3A40D54424A8C22E00DC49D5 /* SeasoningManagerCommon.framework */; };
		3A40D54624A8C22E00DC49D5 /* SeasoningManagerCommon.framework in Embed Frameworks */ = {isa = PBXBuildFile; fileRef = 3A40D54424A8C22E00DC49D5 /* SeasoningManagerCommon.framework */; settings = {ATTRIBUTES = (CodeSignOnCopy, RemoveHeadersOnCopy, ); }; };
		3A483693247D540400B8FA68 /* SMSeasoningDataListTableViewCellModel.swift in Sources */ = {isa = PBXBuildFile; fileRef = 3A483692247D540400B8FA68 /* SMSeasoningDataListTableViewCellModel.swift */; };
		3A483695247D560000B8FA68 /* SMSeasoningDataListTableViewCell.xib in Resources */ = {isa = PBXBuildFile; fileRef = 3A483694247D560000B8FA68 /* SMSeasoningDataListTableViewCell.xib */; };
		3A483697247D58E300B8FA68 /* SMSeasoningDataListTableViewCell.swift in Sources */ = {isa = PBXBuildFile; fileRef = 3A483696247D58E300B8FA68 /* SMSeasoningDataListTableViewCell.swift */; };
		3A483699247D5DFF00B8FA68 /* SMSeasoningDataListTableViewCellSectionOfModel.swift in Sources */ = {isa = PBXBuildFile; fileRef = 3A483698247D5DFF00B8FA68 /* SMSeasoningDataListTableViewCellSectionOfModel.swift */; };
		3A4AF5A3248CD28D00256AF6 /* SMSeasoningDataEditTableViewHeader.swift in Sources */ = {isa = PBXBuildFile; fileRef = 3A4AF5A2248CD28D00256AF6 /* SMSeasoningDataEditTableViewHeader.swift */; };
		3A57046B24B19F6F000279E0 /* SMStockOneSeasoningListViewController.swift in Sources */ = {isa = PBXBuildFile; fileRef = 3A57046A24B19F6F000279E0 /* SMStockOneSeasoningListViewController.swift */; };
		3A57046D24B1A314000279E0 /* SMStockOneSeasoningListTableViewCellModel.swift in Sources */ = {isa = PBXBuildFile; fileRef = 3A57046C24B1A314000279E0 /* SMStockOneSeasoningListTableViewCellModel.swift */; };
		3A57046F24B1A330000279E0 /* SMStockOneSeasoningListTableViewCellSectionOfModel.swift in Sources */ = {isa = PBXBuildFile; fileRef = 3A57046E24B1A330000279E0 /* SMStockOneSeasoningListTableViewCellSectionOfModel.swift */; };
		3A57047124B1CB74000279E0 /* SMStockOneSeasoningTableViewModel.swift in Sources */ = {isa = PBXBuildFile; fileRef = 3A57047024B1CB74000279E0 /* SMStockOneSeasoningTableViewModel.swift */; };
		3A65B0342469842800267FFC /* SMCommonConst.swift in Sources */ = {isa = PBXBuildFile; fileRef = 3A65B0332469842800267FFC /* SMCommonConst.swift */; };
		3A70737F24700A7A00BACA4B /* SMUsingSeasoningCollectionViewCellModel.swift in Sources */ = {isa = PBXBuildFile; fileRef = 3A70737E24700A7A00BACA4B /* SMUsingSeasoningCollectionViewCellModel.swift */; };
		3A707381247012E700BACA4B /* SMUsingSeasoningCollectionViewCellSectionOfModel.swift in Sources */ = {isa = PBXBuildFile; fileRef = 3A707380247012E700BACA4B /* SMUsingSeasoningCollectionViewCellSectionOfModel.swift */; };
		3A828D982467C40E00A05F01 /* SMSettingViewController.swift in Sources */ = {isa = PBXBuildFile; fileRef = 3A828D972467C40E00A05F01 /* SMSettingViewController.swift */; };
		3A8C1CE7249A400100C92A43 /* SMSeasoningDataListHeaderView.xib in Resources */ = {isa = PBXBuildFile; fileRef = 3A8C1CE6249A400100C92A43 /* SMSeasoningDataListHeaderView.xib */; };
		3A8C1CEA249A455700C92A43 /* SMSeasoningDataListHeaderView.swift in Sources */ = {isa = PBXBuildFile; fileRef = 3A8C1CE9249A455700C92A43 /* SMSeasoningDataListHeaderView.swift */; };
		3A8E68282475678400033414 /* SMStockSeasoningTableViewCell.xib in Resources */ = {isa = PBXBuildFile; fileRef = 3A8E68272475678400033414 /* SMStockSeasoningTableViewCell.xib */; };
		3A8E682C24756BE200033414 /* SMStockSeasoningTableViewModel.swift in Sources */ = {isa = PBXBuildFile; fileRef = 3A8E682B24756BE200033414 /* SMStockSeasoningTableViewModel.swift */; };
		3A8E682E24756C6000033414 /* SMStockSeasoningTableViewCellModel.swift in Sources */ = {isa = PBXBuildFile; fileRef = 3A8E682D24756C6000033414 /* SMStockSeasoningTableViewCellModel.swift */; };
		3A8E683024756C9100033414 /* SMStockSeasoningTableViewCellSectionOfModel.swift in Sources */ = {isa = PBXBuildFile; fileRef = 3A8E682F24756C9100033414 /* SMStockSeasoningTableViewCellSectionOfModel.swift */; };
		3A8E9B7124924D2900732C86 /* SMImageManager.swift in Sources */ = {isa = PBXBuildFile; fileRef = 3A8E9B7024924D2900732C86 /* SMImageManager.swift */; };
		3A90794B24A4BFF400CA29F8 /* SMSelectAddStockSeasoningViewController.swift in Sources */ = {isa = PBXBuildFile; fileRef = 3A90794A24A4BFF400CA29F8 /* SMSelectAddStockSeasoningViewController.swift */; };
		3A90794D24A4C26F00CA29F8 /* SMSelectAddStockSeasoningTableViewCellModel.swift in Sources */ = {isa = PBXBuildFile; fileRef = 3A90794C24A4C26F00CA29F8 /* SMSelectAddStockSeasoningTableViewCellModel.swift */; };
		3A90794F24A4C66400CA29F8 /* SMSelectAddStockSeasoningTableViewCellSectionOfModel.swift in Sources */ = {isa = PBXBuildFile; fileRef = 3A90794E24A4C66400CA29F8 /* SMSelectAddStockSeasoningTableViewCellSectionOfModel.swift */; };
		3A9291F72498EFCE003F5869 /* SMAssetsColor.swift in Sources */ = {isa = PBXBuildFile; fileRef = 3A9291F62498EFCE003F5869 /* SMAssetsColor.swift */; };
		3A9D4CA5247E9BF200BBEE08 /* SMSeasoningDataListTableViewModel.swift in Sources */ = {isa = PBXBuildFile; fileRef = 3A9D4CA4247E9BF200BBEE08 /* SMSeasoningDataListTableViewModel.swift */; };
		3A9DC21D2466E29F000A7AB3 /* AppDelegate.swift in Sources */ = {isa = PBXBuildFile; fileRef = 3A9DC21C2466E29F000A7AB3 /* AppDelegate.swift */; };
		3A9DC21F2466E29F000A7AB3 /* SceneDelegate.swift in Sources */ = {isa = PBXBuildFile; fileRef = 3A9DC21E2466E29F000A7AB3 /* SceneDelegate.swift */; };
		3A9DC2212466E29F000A7AB3 /* SMUsingSeasoningViewController.swift in Sources */ = {isa = PBXBuildFile; fileRef = 3A9DC2202466E29F000A7AB3 /* SMUsingSeasoningViewController.swift */; };
		3A9DC2232466E29F000A7AB3 /* SMStockSeasoningViewController.swift in Sources */ = {isa = PBXBuildFile; fileRef = 3A9DC2222466E29F000A7AB3 /* SMStockSeasoningViewController.swift */; };
		3A9DC2262466E29F000A7AB3 /* Main.storyboard in Resources */ = {isa = PBXBuildFile; fileRef = 3A9DC2242466E29F000A7AB3 /* Main.storyboard */; };
		3A9DC2292466E29F000A7AB3 /* SeasoningManagement.xcdatamodeld in Sources */ = {isa = PBXBuildFile; fileRef = 3A9DC2272466E29F000A7AB3 /* SeasoningManagement.xcdatamodeld */; };
		3A9DC22B2466E2A0000A7AB3 /* AssetsCatalog.xcassets in Resources */ = {isa = PBXBuildFile; fileRef = 3A9DC22A2466E2A0000A7AB3 /* AssetsCatalog.xcassets */; };
		3A9DC22E2466E2A0000A7AB3 /* LaunchScreen.storyboard in Resources */ = {isa = PBXBuildFile; fileRef = 3A9DC22C2466E2A0000A7AB3 /* LaunchScreen.storyboard */; };
		3A9DC2392466E2A1000A7AB3 /* SeasoningManagementTests.swift in Sources */ = {isa = PBXBuildFile; fileRef = 3A9DC2382466E2A1000A7AB3 /* SeasoningManagementTests.swift */; };
		3AA055E32476B3F400CB6958 /* SMStockSeaoningTableViewCell.swift in Sources */ = {isa = PBXBuildFile; fileRef = 3AA055E22476B3F400CB6958 /* SMStockSeaoningTableViewCell.swift */; };
		3AA1C30724AF3ADE00999A34 /* SMAddStockSeasoningViewController.swift in Sources */ = {isa = PBXBuildFile; fileRef = 3AA1C30624AF3ADE00999A34 /* SMAddStockSeasoningViewController.swift */; };
		3AA28D7A24790BF400DCACB8 /* SMSeasoningDataListViewController.swift in Sources */ = {isa = PBXBuildFile; fileRef = 3AA28D7924790BF400DCACB8 /* SMSeasoningDataListViewController.swift */; };
		3AA28D7C24790E6C00DCACB8 /* SMInputAddSeasoningDataViewController.swift in Sources */ = {isa = PBXBuildFile; fileRef = 3AA28D7B24790E6C00DCACB8 /* SMInputAddSeasoningDataViewController.swift */; };
		3AB4E67E2471469300D52DDD /* SMUsingSeasoningCollectionViewModel.swift in Sources */ = {isa = PBXBuildFile; fileRef = 3AB4E67D2471469300D52DDD /* SMUsingSeasoningCollectionViewModel.swift */; };
		3AC164AA2497946A00B389F6 /* UIImageEx.swift in Sources */ = {isa = PBXBuildFile; fileRef = 3AC164A92497946A00B389F6 /* UIImageEx.swift */; };
		3AD370AA248287D300DA7CCD /* SMSeasoningDataEditViewController.swift in Sources */ = {isa = PBXBuildFile; fileRef = 3AD370A9248287D300DA7CCD /* SMSeasoningDataEditViewController.swift */; };
/* End PBXBuildFile section */

/* Begin PBXContainerItemProxy section */
		3A9DC2352466E2A1000A7AB3 /* PBXContainerItemProxy */ = {
			isa = PBXContainerItemProxy;
			containerPortal = 3A9DC2112466E29F000A7AB3 /* Project object */;
			proxyType = 1;
			remoteGlobalIDString = 3A9DC2182466E29F000A7AB3;
			remoteInfo = SeasoningManagement;
		};
/* End PBXContainerItemProxy section */

/* Begin PBXCopyFilesBuildPhase section */
		3A40D54724A8C22E00DC49D5 /* Embed Frameworks */ = {
			isa = PBXCopyFilesBuildPhase;
			buildActionMask = 2147483647;
			dstPath = "";
			dstSubfolderSpec = 10;
			files = (
				3A40D54624A8C22E00DC49D5 /* SeasoningManagerCommon.framework in Embed Frameworks */,
			);
			name = "Embed Frameworks";
			runOnlyForDeploymentPostprocessing = 0;
		};
/* End PBXCopyFilesBuildPhase section */

/* Begin PBXFileReference section */
		07FEDE3824B93F6516AE1839 /* Pods_SeasoningManagement.framework */ = {isa = PBXFileReference; explicitFileType = wrapper.framework; includeInIndex = 0; path = Pods_SeasoningManagement.framework; sourceTree = BUILT_PRODUCTS_DIR; };
		1ECCB59D0AD016C3298DFB35 /* Pods-SeasoningManagement.release.xcconfig */ = {isa = PBXFileReference; includeInIndex = 1; lastKnownFileType = text.xcconfig; name = "Pods-SeasoningManagement.release.xcconfig"; path = "Target Support Files/Pods-SeasoningManagement/Pods-SeasoningManagement.release.xcconfig"; sourceTree = "<group>"; };
		3A04E5F8246C0D08004651E5 /* SMUsingSeasoningCollectionViewCell.xib */ = {isa = PBXFileReference; lastKnownFileType = file.xib; path = SMUsingSeasoningCollectionViewCell.xib; sourceTree = "<group>"; };
		3A04E5FA246C0FD4004651E5 /* SMUsingSeasoningCollectionViewCell.swift */ = {isa = PBXFileReference; lastKnownFileType = sourcecode.swift; path = SMUsingSeasoningCollectionViewCell.swift; sourceTree = "<group>"; };
		3A13074724A75C0300297C85 /* SMSelectAddStockSeasoningTableViewModel.swift */ = {isa = PBXFileReference; lastKnownFileType = sourcecode.swift; path = SMSelectAddStockSeasoningTableViewModel.swift; sourceTree = "<group>"; };
		3A13074924A7647A00297C85 /* SMSelectAddStockSeasoningTableViewCell.xib */ = {isa = PBXFileReference; lastKnownFileType = file.xib; path = SMSelectAddStockSeasoningTableViewCell.xib; sourceTree = "<group>"; };
		3A13074B24A7652500297C85 /* SMSelectAddSeasoningTableViewCell.swift */ = {isa = PBXFileReference; lastKnownFileType = sourcecode.swift; path = SMSelectAddSeasoningTableViewCell.swift; sourceTree = "<group>"; };
		3A166B87246FE089002C2E36 /* SMAddUsingSeasoningViewController.swift */ = {isa = PBXFileReference; lastKnownFileType = sourcecode.swift; path = SMAddUsingSeasoningViewController.swift; sourceTree = "<group>"; };
		3A166B89246FE368002C2E36 /* SMDetailUsingSeasoningViewController.swift */ = {isa = PBXFileReference; lastKnownFileType = sourcecode.swift; path = SMDetailUsingSeasoningViewController.swift; sourceTree = "<group>"; };
		3A2E5587248BC11200EABCC8 /* SMSeasoningEditViewHeader.xib */ = {isa = PBXFileReference; lastKnownFileType = file.xib; path = SMSeasoningEditViewHeader.xib; sourceTree = "<group>"; };
		3A40D54424A8C22E00DC49D5 /* SeasoningManagerCommon.framework */ = {isa = PBXFileReference; explicitFileType = wrapper.framework; path = SeasoningManagerCommon.framework; sourceTree = BUILT_PRODUCTS_DIR; };
		3A483692247D540400B8FA68 /* SMSeasoningDataListTableViewCellModel.swift */ = {isa = PBXFileReference; lastKnownFileType = sourcecode.swift; path = SMSeasoningDataListTableViewCellModel.swift; sourceTree = "<group>"; };
		3A483694247D560000B8FA68 /* SMSeasoningDataListTableViewCell.xib */ = {isa = PBXFileReference; lastKnownFileType = file.xib; path = SMSeasoningDataListTableViewCell.xib; sourceTree = "<group>"; };
		3A483696247D58E300B8FA68 /* SMSeasoningDataListTableViewCell.swift */ = {isa = PBXFileReference; lastKnownFileType = sourcecode.swift; path = SMSeasoningDataListTableViewCell.swift; sourceTree = "<group>"; };
		3A483698247D5DFF00B8FA68 /* SMSeasoningDataListTableViewCellSectionOfModel.swift */ = {isa = PBXFileReference; lastKnownFileType = sourcecode.swift; path = SMSeasoningDataListTableViewCellSectionOfModel.swift; sourceTree = "<group>"; };
		3A4AF5A2248CD28D00256AF6 /* SMSeasoningDataEditTableViewHeader.swift */ = {isa = PBXFileReference; lastKnownFileType = sourcecode.swift; path = SMSeasoningDataEditTableViewHeader.swift; sourceTree = "<group>"; };
		3A57046A24B19F6F000279E0 /* SMStockOneSeasoningListViewController.swift */ = {isa = PBXFileReference; lastKnownFileType = sourcecode.swift; path = SMStockOneSeasoningListViewController.swift; sourceTree = "<group>"; };
		3A57046C24B1A314000279E0 /* SMStockOneSeasoningListTableViewCellModel.swift */ = {isa = PBXFileReference; lastKnownFileType = sourcecode.swift; path = SMStockOneSeasoningListTableViewCellModel.swift; sourceTree = "<group>"; };
		3A57046E24B1A330000279E0 /* SMStockOneSeasoningListTableViewCellSectionOfModel.swift */ = {isa = PBXFileReference; lastKnownFileType = sourcecode.swift; path = SMStockOneSeasoningListTableViewCellSectionOfModel.swift; sourceTree = "<group>"; };
		3A57047024B1CB74000279E0 /* SMStockOneSeasoningTableViewModel.swift */ = {isa = PBXFileReference; lastKnownFileType = sourcecode.swift; path = SMStockOneSeasoningTableViewModel.swift; sourceTree = "<group>"; };
		3A65B0332469842800267FFC /* SMCommonConst.swift */ = {isa = PBXFileReference; lastKnownFileType = sourcecode.swift; path = SMCommonConst.swift; sourceTree = "<group>"; };
		3A70737E24700A7A00BACA4B /* SMUsingSeasoningCollectionViewCellModel.swift */ = {isa = PBXFileReference; lastKnownFileType = sourcecode.swift; path = SMUsingSeasoningCollectionViewCellModel.swift; sourceTree = "<group>"; };
		3A707380247012E700BACA4B /* SMUsingSeasoningCollectionViewCellSectionOfModel.swift */ = {isa = PBXFileReference; lastKnownFileType = sourcecode.swift; path = SMUsingSeasoningCollectionViewCellSectionOfModel.swift; sourceTree = "<group>"; };
		3A828D972467C40E00A05F01 /* SMSettingViewController.swift */ = {isa = PBXFileReference; lastKnownFileType = sourcecode.swift; path = SMSettingViewController.swift; sourceTree = "<group>"; };
		3A8C1CE6249A400100C92A43 /* SMSeasoningDataListHeaderView.xib */ = {isa = PBXFileReference; lastKnownFileType = file.xib; path = SMSeasoningDataListHeaderView.xib; sourceTree = "<group>"; };
		3A8C1CE9249A455700C92A43 /* SMSeasoningDataListHeaderView.swift */ = {isa = PBXFileReference; lastKnownFileType = sourcecode.swift; path = SMSeasoningDataListHeaderView.swift; sourceTree = "<group>"; };
		3A8E68272475678400033414 /* SMStockSeasoningTableViewCell.xib */ = {isa = PBXFileReference; lastKnownFileType = file.xib; path = SMStockSeasoningTableViewCell.xib; sourceTree = "<group>"; };
		3A8E682B24756BE200033414 /* SMStockSeasoningTableViewModel.swift */ = {isa = PBXFileReference; lastKnownFileType = sourcecode.swift; path = SMStockSeasoningTableViewModel.swift; sourceTree = "<group>"; };
		3A8E682D24756C6000033414 /* SMStockSeasoningTableViewCellModel.swift */ = {isa = PBXFileReference; lastKnownFileType = sourcecode.swift; path = SMStockSeasoningTableViewCellModel.swift; sourceTree = "<group>"; };
		3A8E682F24756C9100033414 /* SMStockSeasoningTableViewCellSectionOfModel.swift */ = {isa = PBXFileReference; lastKnownFileType = sourcecode.swift; path = SMStockSeasoningTableViewCellSectionOfModel.swift; sourceTree = "<group>"; };
		3A8E9B7024924D2900732C86 /* SMImageManager.swift */ = {isa = PBXFileReference; lastKnownFileType = sourcecode.swift; path = SMImageManager.swift; sourceTree = "<group>"; };
		3A90794A24A4BFF400CA29F8 /* SMSelectAddStockSeasoningViewController.swift */ = {isa = PBXFileReference; lastKnownFileType = sourcecode.swift; path = SMSelectAddStockSeasoningViewController.swift; sourceTree = "<group>"; };
		3A90794C24A4C26F00CA29F8 /* SMSelectAddStockSeasoningTableViewCellModel.swift */ = {isa = PBXFileReference; lastKnownFileType = sourcecode.swift; path = SMSelectAddStockSeasoningTableViewCellModel.swift; sourceTree = "<group>"; };
		3A90794E24A4C66400CA29F8 /* SMSelectAddStockSeasoningTableViewCellSectionOfModel.swift */ = {isa = PBXFileReference; lastKnownFileType = sourcecode.swift; path = SMSelectAddStockSeasoningTableViewCellSectionOfModel.swift; sourceTree = "<group>"; };
		3A9291F62498EFCE003F5869 /* SMAssetsColor.swift */ = {isa = PBXFileReference; lastKnownFileType = sourcecode.swift; path = SMAssetsColor.swift; sourceTree = "<group>"; };
		3A9D4CA4247E9BF200BBEE08 /* SMSeasoningDataListTableViewModel.swift */ = {isa = PBXFileReference; lastKnownFileType = sourcecode.swift; path = SMSeasoningDataListTableViewModel.swift; sourceTree = "<group>"; };
		3A9DC2192466E29F000A7AB3 /* SeasoningManagement.app */ = {isa = PBXFileReference; explicitFileType = wrapper.application; includeInIndex = 0; path = SeasoningManagement.app; sourceTree = BUILT_PRODUCTS_DIR; };
		3A9DC21C2466E29F000A7AB3 /* AppDelegate.swift */ = {isa = PBXFileReference; lastKnownFileType = sourcecode.swift; path = AppDelegate.swift; sourceTree = "<group>"; };
		3A9DC21E2466E29F000A7AB3 /* SceneDelegate.swift */ = {isa = PBXFileReference; lastKnownFileType = sourcecode.swift; path = SceneDelegate.swift; sourceTree = "<group>"; };
		3A9DC2202466E29F000A7AB3 /* SMUsingSeasoningViewController.swift */ = {isa = PBXFileReference; lastKnownFileType = sourcecode.swift; path = SMUsingSeasoningViewController.swift; sourceTree = "<group>"; };
		3A9DC2222466E29F000A7AB3 /* SMStockSeasoningViewController.swift */ = {isa = PBXFileReference; lastKnownFileType = sourcecode.swift; path = SMStockSeasoningViewController.swift; sourceTree = "<group>"; };
		3A9DC2252466E29F000A7AB3 /* Base */ = {isa = PBXFileReference; lastKnownFileType = file.storyboard; name = Base; path = Base.lproj/Main.storyboard; sourceTree = "<group>"; };
		3A9DC2282466E29F000A7AB3 /* SeasoningManagement.xcdatamodel */ = {isa = PBXFileReference; lastKnownFileType = wrapper.xcdatamodel; path = SeasoningManagement.xcdatamodel; sourceTree = "<group>"; };
		3A9DC22A2466E2A0000A7AB3 /* AssetsCatalog.xcassets */ = {isa = PBXFileReference; lastKnownFileType = folder.assetcatalog; path = AssetsCatalog.xcassets; sourceTree = "<group>"; };
		3A9DC22D2466E2A0000A7AB3 /* Base */ = {isa = PBXFileReference; lastKnownFileType = file.storyboard; name = Base; path = Base.lproj/LaunchScreen.storyboard; sourceTree = "<group>"; };
		3A9DC22F2466E2A0000A7AB3 /* Info.plist */ = {isa = PBXFileReference; lastKnownFileType = text.plist.xml; path = Info.plist; sourceTree = "<group>"; };
		3A9DC2342466E2A1000A7AB3 /* SeasoningManagementTests.xctest */ = {isa = PBXFileReference; explicitFileType = wrapper.cfbundle; includeInIndex = 0; path = SeasoningManagementTests.xctest; sourceTree = BUILT_PRODUCTS_DIR; };
		3A9DC2382466E2A1000A7AB3 /* SeasoningManagementTests.swift */ = {isa = PBXFileReference; lastKnownFileType = sourcecode.swift; path = SeasoningManagementTests.swift; sourceTree = "<group>"; };
		3A9DC23A2466E2A1000A7AB3 /* Info.plist */ = {isa = PBXFileReference; lastKnownFileType = text.plist.xml; path = Info.plist; sourceTree = "<group>"; };
		3AA055E22476B3F400CB6958 /* SMStockSeaoningTableViewCell.swift */ = {isa = PBXFileReference; lastKnownFileType = sourcecode.swift; path = SMStockSeaoningTableViewCell.swift; sourceTree = "<group>"; };
		3AA1C30624AF3ADE00999A34 /* SMAddStockSeasoningViewController.swift */ = {isa = PBXFileReference; lastKnownFileType = sourcecode.swift; path = SMAddStockSeasoningViewController.swift; sourceTree = "<group>"; };
		3AA28D7924790BF400DCACB8 /* SMSeasoningDataListViewController.swift */ = {isa = PBXFileReference; lastKnownFileType = sourcecode.swift; path = SMSeasoningDataListViewController.swift; sourceTree = "<group>"; };
		3AA28D7B24790E6C00DCACB8 /* SMInputAddSeasoningDataViewController.swift */ = {isa = PBXFileReference; lastKnownFileType = sourcecode.swift; path = SMInputAddSeasoningDataViewController.swift; sourceTree = "<group>"; };
		3AB4E67D2471469300D52DDD /* SMUsingSeasoningCollectionViewModel.swift */ = {isa = PBXFileReference; lastKnownFileType = sourcecode.swift; path = SMUsingSeasoningCollectionViewModel.swift; sourceTree = "<group>"; };
		3AC164A92497946A00B389F6 /* UIImageEx.swift */ = {isa = PBXFileReference; lastKnownFileType = sourcecode.swift; path = UIImageEx.swift; sourceTree = "<group>"; };
		3AD370A9248287D300DA7CCD /* SMSeasoningDataEditViewController.swift */ = {isa = PBXFileReference; lastKnownFileType = sourcecode.swift; path = SMSeasoningDataEditViewController.swift; sourceTree = "<group>"; };
		8DE0CEDFF81FA65B795A7C0A /* Pods-SeasoningManagement.debug.xcconfig */ = {isa = PBXFileReference; includeInIndex = 1; lastKnownFileType = text.xcconfig; name = "Pods-SeasoningManagement.debug.xcconfig"; path = "Target Support Files/Pods-SeasoningManagement/Pods-SeasoningManagement.debug.xcconfig"; sourceTree = "<group>"; };
		CF187730ECA040F96406FA8A /* Pods_SeasoningManagementTests.framework */ = {isa = PBXFileReference; explicitFileType = wrapper.framework; includeInIndex = 0; path = Pods_SeasoningManagementTests.framework; sourceTree = BUILT_PRODUCTS_DIR; };
		D8D8ADF55958765BB38D7014 /* Pods-SeasoningManagementTests.release.xcconfig */ = {isa = PBXFileReference; includeInIndex = 1; lastKnownFileType = text.xcconfig; name = "Pods-SeasoningManagementTests.release.xcconfig"; path = "Target Support Files/Pods-SeasoningManagementTests/Pods-SeasoningManagementTests.release.xcconfig"; sourceTree = "<group>"; };
		EA884A0158C71768F974450C /* Pods-SeasoningManagementTests.debug.xcconfig */ = {isa = PBXFileReference; includeInIndex = 1; lastKnownFileType = text.xcconfig; name = "Pods-SeasoningManagementTests.debug.xcconfig"; path = "Target Support Files/Pods-SeasoningManagementTests/Pods-SeasoningManagementTests.debug.xcconfig"; sourceTree = "<group>"; };
/* End PBXFileReference section */

/* Begin PBXFrameworksBuildPhase section */
		3A9DC2162466E29F000A7AB3 /* Frameworks */ = {
			isa = PBXFrameworksBuildPhase;
			buildActionMask = 2147483647;
			files = (
				3A40D54524A8C22E00DC49D5 /* SeasoningManagerCommon.framework in Frameworks */,
				307074EF1457C676BC67552F /* Pods_SeasoningManagement.framework in Frameworks */,
			);
			runOnlyForDeploymentPostprocessing = 0;
		};
		3A9DC2312466E2A1000A7AB3 /* Frameworks */ = {
			isa = PBXFrameworksBuildPhase;
			buildActionMask = 2147483647;
			files = (
				314853D10155699CEAD97E11 /* Pods_SeasoningManagementTests.framework in Frameworks */,
			);
			runOnlyForDeploymentPostprocessing = 0;
		};
/* End PBXFrameworksBuildPhase section */

/* Begin PBXGroup section */
		3A4AF5A1248CD18200256AF6 /* EditView */ = {
			isa = PBXGroup;
			children = (
				3AD370A9248287D300DA7CCD /* SMSeasoningDataEditViewController.swift */,
				3A4AF5A2248CD28D00256AF6 /* SMSeasoningDataEditTableViewHeader.swift */,
			);
			path = EditView;
			sourceTree = "<group>";
		};
		3A65B032246983F100267FFC /* Common */ = {
			isa = PBXGroup;
			children = (
				3A65B0332469842800267FFC /* SMCommonConst.swift */,
				3A8E9B7024924D2900732C86 /* SMImageManager.swift */,
				3A9291F62498EFCE003F5869 /* SMAssetsColor.swift */,
			);
			path = Common;
			sourceTree = "<group>";
		};
		3A65B0352469852100267FFC /* Extension */ = {
			isa = PBXGroup;
			children = (
				3AC164A92497946A00B389F6 /* UIImageEx.swift */,
			);
			path = Extension;
			sourceTree = "<group>";
		};
		3A70737D24700A4F00BACA4B /* Model */ = {
			isa = PBXGroup;
			children = (
				3A70737E24700A7A00BACA4B /* SMUsingSeasoningCollectionViewCellModel.swift */,
				3A707380247012E700BACA4B /* SMUsingSeasoningCollectionViewCellSectionOfModel.swift */,
			);
			path = Model;
			sourceTree = "<group>";
		};
		3A828D992467C54A00A05F01 /* UsingSeasoningView */ = {
			isa = PBXGroup;
			children = (
				3AB4E67C2471467100D52DDD /* ViewModel */,
				3A70737D24700A4F00BACA4B /* Model */,
				3A9DC2202466E29F000A7AB3 /* SMUsingSeasoningViewController.swift */,
				3A04E5FA246C0FD4004651E5 /* SMUsingSeasoningCollectionViewCell.swift */,
				3A166B87246FE089002C2E36 /* SMAddUsingSeasoningViewController.swift */,
				3A166B89246FE368002C2E36 /* SMDetailUsingSeasoningViewController.swift */,
				3A828D9E2468053600A05F01 /* nib */,
			);
			path = UsingSeasoningView;
			sourceTree = "<group>";
		};
		3A828D9A2467C55F00A05F01 /* StockSeasoningView */ = {
			isa = PBXGroup;
			children = (
				3A90794824A4BEEF00CA29F8 /* ViewController */,
				3A8E682A24756B8900033414 /* ViewModel */,
				3A8E682924756B6900033414 /* Model */,
				3A90794924A4BF0400CA29F8 /* TableViewCell */,
				3A8E6826247566F700033414 /* nib */,
			);
			path = StockSeasoningView;
			sourceTree = "<group>";
		};
		3A828D9B2467C61E00A05F01 /* SettingView */ = {
			isa = PBXGroup;
			children = (
				3A828D972467C40E00A05F01 /* SMSettingViewController.swift */,
			);
			path = SettingView;
			sourceTree = "<group>";
		};
		3A828D9C2467C64900A05F01 /* Rresources */ = {
			isa = PBXGroup;
			children = (
				3A9DC22A2466E2A0000A7AB3 /* AssetsCatalog.xcassets */,
				3A828D9D2467C68A00A05F01 /* storyboard */,
			);
			path = Rresources;
			sourceTree = "<group>";
		};
		3A828D9D2467C68A00A05F01 /* storyboard */ = {
			isa = PBXGroup;
			children = (
				3A9DC2242466E29F000A7AB3 /* Main.storyboard */,
				3A9DC22C2466E2A0000A7AB3 /* LaunchScreen.storyboard */,
			);
			path = storyboard;
			sourceTree = "<group>";
		};
		3A828D9E2468053600A05F01 /* nib */ = {
			isa = PBXGroup;
			children = (
				3A04E5F8246C0D08004651E5 /* SMUsingSeasoningCollectionViewCell.xib */,
			);
			path = nib;
			sourceTree = "<group>";
		};
		3A8C1CE8249A43AB00C92A43 /* DataListView */ = {
			isa = PBXGroup;
			children = (
				3A8C1CE9249A455700C92A43 /* SMSeasoningDataListHeaderView.swift */,
			);
			path = DataListView;
			sourceTree = "<group>";
		};
		3A8E6826247566F700033414 /* nib */ = {
			isa = PBXGroup;
			children = (
				3A8E68272475678400033414 /* SMStockSeasoningTableViewCell.xib */,
				3A13074924A7647A00297C85 /* SMSelectAddStockSeasoningTableViewCell.xib */,
			);
			path = nib;
			sourceTree = "<group>";
		};
		3A8E682924756B6900033414 /* Model */ = {
			isa = PBXGroup;
			children = (
				3A8E682D24756C6000033414 /* SMStockSeasoningTableViewCellModel.swift */,
				3A8E682F24756C9100033414 /* SMStockSeasoningTableViewCellSectionOfModel.swift */,
				3A90794C24A4C26F00CA29F8 /* SMSelectAddStockSeasoningTableViewCellModel.swift */,
				3A90794E24A4C66400CA29F8 /* SMSelectAddStockSeasoningTableViewCellSectionOfModel.swift */,
				3A57046C24B1A314000279E0 /* SMStockOneSeasoningListTableViewCellModel.swift */,
				3A57046E24B1A330000279E0 /* SMStockOneSeasoningListTableViewCellSectionOfModel.swift */,
			);
			path = Model;
			sourceTree = "<group>";
		};
		3A8E682A24756B8900033414 /* ViewModel */ = {
			isa = PBXGroup;
			children = (
				3A8E682B24756BE200033414 /* SMStockSeasoningTableViewModel.swift */,
				3A13074724A75C0300297C85 /* SMSelectAddStockSeasoningTableViewModel.swift */,
				3A57047024B1CB74000279E0 /* SMStockOneSeasoningTableViewModel.swift */,
			);
			path = ViewModel;
			sourceTree = "<group>";
		};
		3A90794824A4BEEF00CA29F8 /* ViewController */ = {
			isa = PBXGroup;
			children = (
				3A9DC2222466E29F000A7AB3 /* SMStockSeasoningViewController.swift */,
				3A90794A24A4BFF400CA29F8 /* SMSelectAddStockSeasoningViewController.swift */,
				3AA1C30624AF3ADE00999A34 /* SMAddStockSeasoningViewController.swift */,
				3A57046A24B19F6F000279E0 /* SMStockOneSeasoningListViewController.swift */,
			);
			path = ViewController;
			sourceTree = "<group>";
		};
		3A90794924A4BF0400CA29F8 /* TableViewCell */ = {
			isa = PBXGroup;
			children = (
				3AA055E22476B3F400CB6958 /* SMStockSeaoningTableViewCell.swift */,
				3A13074B24A7652500297C85 /* SMSelectAddSeasoningTableViewCell.swift */,
			);
			path = TableViewCell;
			sourceTree = "<group>";
		};
		3A9DC2102466E29F000A7AB3 = {
			isa = PBXGroup;
			children = (
				3A9DC21B2466E29F000A7AB3 /* SeasoningManagement */,
				3A9DC2372466E2A1000A7AB3 /* SeasoningManagementTests */,
				3A9DC21A2466E29F000A7AB3 /* Products */,
				C51F9EFD19149A55FB21C80B /* Pods */,
				E0761DFA61D46E9F02A6BD18 /* Frameworks */,
			);
			sourceTree = "<group>";
		};
		3A9DC21A2466E29F000A7AB3 /* Products */ = {
			isa = PBXGroup;
			children = (
				3A9DC2192466E29F000A7AB3 /* SeasoningManagement.app */,
				3A9DC2342466E2A1000A7AB3 /* SeasoningManagementTests.xctest */,
			);
			name = Products;
			sourceTree = "<group>";
		};
		3A9DC21B2466E29F000A7AB3 /* SeasoningManagement */ = {
			isa = PBXGroup;
			children = (
				3A9DC21C2466E29F000A7AB3 /* AppDelegate.swift */,
				3A9DC21E2466E29F000A7AB3 /* SceneDelegate.swift */,
				3A828D9B2467C61E00A05F01 /* SettingView */,
				3A828D9A2467C55F00A05F01 /* StockSeasoningView */,
				3A828D992467C54A00A05F01 /* UsingSeasoningView */,
				3AA28D752478F76200DCACB8 /* SeasoningDataListView */,
				3A65B032246983F100267FFC /* Common */,
				3A65B0352469852100267FFC /* Extension */,
				3A828D9C2467C64900A05F01 /* Rresources */,
				3A9DC22F2466E2A0000A7AB3 /* Info.plist */,
				3A9DC2272466E29F000A7AB3 /* SeasoningManagement.xcdatamodeld */,
			);
			path = SeasoningManagement;
			sourceTree = "<group>";
		};
		3A9DC2372466E2A1000A7AB3 /* SeasoningManagementTests */ = {
			isa = PBXGroup;
			children = (
				3A9DC2382466E2A1000A7AB3 /* SeasoningManagementTests.swift */,
				3A9DC23A2466E2A1000A7AB3 /* Info.plist */,
			);
			path = SeasoningManagementTests;
			sourceTree = "<group>";
		};
		3AA28D752478F76200DCACB8 /* SeasoningDataListView */ = {
			isa = PBXGroup;
			children = (
				3A8C1CE8249A43AB00C92A43 /* DataListView */,
				3A4AF5A1248CD18200256AF6 /* EditView */,
				3AA28D782478F7ED00DCACB8 /* nib */,
				3AA28D772478F7DB00DCACB8 /* Model */,
				3AA28D762478F7D000DCACB8 /* ViewModel */,
				3AA28D7924790BF400DCACB8 /* SMSeasoningDataListViewController.swift */,
				3AA28D7B24790E6C00DCACB8 /* SMInputAddSeasoningDataViewController.swift */,
				3A483696247D58E300B8FA68 /* SMSeasoningDataListTableViewCell.swift */,
			);
			path = SeasoningDataListView;
			sourceTree = "<group>";
		};
		3AA28D762478F7D000DCACB8 /* ViewModel */ = {
			isa = PBXGroup;
			children = (
				3A9D4CA4247E9BF200BBEE08 /* SMSeasoningDataListTableViewModel.swift */,
			);
			path = ViewModel;
			sourceTree = "<group>";
		};
		3AA28D772478F7DB00DCACB8 /* Model */ = {
			isa = PBXGroup;
			children = (
				3A483692247D540400B8FA68 /* SMSeasoningDataListTableViewCellModel.swift */,
				3A483698247D5DFF00B8FA68 /* SMSeasoningDataListTableViewCellSectionOfModel.swift */,
			);
			path = Model;
			sourceTree = "<group>";
		};
		3AA28D782478F7ED00DCACB8 /* nib */ = {
			isa = PBXGroup;
			children = (
				3A483694247D560000B8FA68 /* SMSeasoningDataListTableViewCell.xib */,
				3A2E5587248BC11200EABCC8 /* SMSeasoningEditViewHeader.xib */,
				3A8C1CE6249A400100C92A43 /* SMSeasoningDataListHeaderView.xib */,
			);
			path = nib;
			sourceTree = "<group>";
		};
		3AB4E67C2471467100D52DDD /* ViewModel */ = {
			isa = PBXGroup;
			children = (
				3AB4E67D2471469300D52DDD /* SMUsingSeasoningCollectionViewModel.swift */,
			);
			path = ViewModel;
			sourceTree = "<group>";
		};
		C51F9EFD19149A55FB21C80B /* Pods */ = {
			isa = PBXGroup;
			children = (
				8DE0CEDFF81FA65B795A7C0A /* Pods-SeasoningManagement.debug.xcconfig */,
				1ECCB59D0AD016C3298DFB35 /* Pods-SeasoningManagement.release.xcconfig */,
				EA884A0158C71768F974450C /* Pods-SeasoningManagementTests.debug.xcconfig */,
				D8D8ADF55958765BB38D7014 /* Pods-SeasoningManagementTests.release.xcconfig */,
			);
			name = Pods;
			path = ../Pods;
			sourceTree = "<group>";
		};
		E0761DFA61D46E9F02A6BD18 /* Frameworks */ = {
			isa = PBXGroup;
			children = (
				3A40D54424A8C22E00DC49D5 /* SeasoningManagerCommon.framework */,
				07FEDE3824B93F6516AE1839 /* Pods_SeasoningManagement.framework */,
				CF187730ECA040F96406FA8A /* Pods_SeasoningManagementTests.framework */,
			);
			name = Frameworks;
			sourceTree = "<group>";
		};
/* End PBXGroup section */

/* Begin PBXNativeTarget section */
		3A9DC2182466E29F000A7AB3 /* SeasoningManagement */ = {
			isa = PBXNativeTarget;
			buildConfigurationList = 3A9DC23D2466E2A1000A7AB3 /* Build configuration list for PBXNativeTarget "SeasoningManagement" */;
			buildPhases = (
				BE303F38886261E1F50206FA /* [CP] Check Pods Manifest.lock */,
				3A9DC2152466E29F000A7AB3 /* Sources */,
				3A9DC2162466E29F000A7AB3 /* Frameworks */,
				3A9DC2172466E29F000A7AB3 /* Resources */,
				3A9DC2432466E563000A7AB3 /* Run Script */,
				498AB81C8163847C6198B008 /* [CP] Embed Pods Frameworks */,
				3A40D54724A8C22E00DC49D5 /* Embed Frameworks */,
			);
			buildRules = (
			);
			dependencies = (
			);
			name = SeasoningManagement;
			productName = SeasoningManagement;
			productReference = 3A9DC2192466E29F000A7AB3 /* SeasoningManagement.app */;
			productType = "com.apple.product-type.application";
		};
		3A9DC2332466E2A1000A7AB3 /* SeasoningManagementTests */ = {
			isa = PBXNativeTarget;
			buildConfigurationList = 3A9DC2402466E2A1000A7AB3 /* Build configuration list for PBXNativeTarget "SeasoningManagementTests" */;
			buildPhases = (
				64A4C398A1B2E667BB2F614F /* [CP] Check Pods Manifest.lock */,
				3A9DC2302466E2A1000A7AB3 /* Sources */,
				3A9DC2312466E2A1000A7AB3 /* Frameworks */,
				3A9DC2322466E2A1000A7AB3 /* Resources */,
				709430EB83B7C54185084138 /* [CP] Embed Pods Frameworks */,
			);
			buildRules = (
			);
			dependencies = (
				3A9DC2362466E2A1000A7AB3 /* PBXTargetDependency */,
			);
			name = SeasoningManagementTests;
			productName = SeasoningManagementTests;
			productReference = 3A9DC2342466E2A1000A7AB3 /* SeasoningManagementTests.xctest */;
			productType = "com.apple.product-type.bundle.unit-test";
		};
/* End PBXNativeTarget section */

/* Begin PBXProject section */
		3A9DC2112466E29F000A7AB3 /* Project object */ = {
			isa = PBXProject;
			attributes = {
				LastSwiftUpdateCheck = 1130;
				LastUpgradeCheck = 1130;
				ORGANIZATIONNAME = DIO0550;
				TargetAttributes = {
					3A9DC2182466E29F000A7AB3 = {
						CreatedOnToolsVersion = 11.3.1;
					};
					3A9DC2332466E2A1000A7AB3 = {
						CreatedOnToolsVersion = 11.3.1;
						TestTargetID = 3A9DC2182466E29F000A7AB3;
					};
				};
			};
			buildConfigurationList = 3A9DC2142466E29F000A7AB3 /* Build configuration list for PBXProject "SeasoningManagement" */;
			compatibilityVersion = "Xcode 9.3";
			developmentRegion = en;
			hasScannedForEncodings = 0;
			knownRegions = (
				en,
				Base,
			);
			mainGroup = 3A9DC2102466E29F000A7AB3;
			productRefGroup = 3A9DC21A2466E29F000A7AB3 /* Products */;
			projectDirPath = "";
			projectRoot = "";
			targets = (
				3A9DC2182466E29F000A7AB3 /* SeasoningManagement */,
				3A9DC2332466E2A1000A7AB3 /* SeasoningManagementTests */,
			);
		};
/* End PBXProject section */

/* Begin PBXResourcesBuildPhase section */
		3A9DC2172466E29F000A7AB3 /* Resources */ = {
			isa = PBXResourcesBuildPhase;
			buildActionMask = 2147483647;
			files = (
				3A04E5F9246C0D08004651E5 /* SMUsingSeasoningCollectionViewCell.xib in Resources */,
				3A8C1CE7249A400100C92A43 /* SMSeasoningDataListHeaderView.xib in Resources */,
				3A9DC22E2466E2A0000A7AB3 /* LaunchScreen.storyboard in Resources */,
				3A9DC22B2466E2A0000A7AB3 /* AssetsCatalog.xcassets in Resources */,
				3A2E5588248BC11200EABCC8 /* SMSeasoningEditViewHeader.xib in Resources */,
				3A8E68282475678400033414 /* SMStockSeasoningTableViewCell.xib in Resources */,
				3A13074A24A7647A00297C85 /* SMSelectAddStockSeasoningTableViewCell.xib in Resources */,
				3A9DC2262466E29F000A7AB3 /* Main.storyboard in Resources */,
				3A483695247D560000B8FA68 /* SMSeasoningDataListTableViewCell.xib in Resources */,
			);
			runOnlyForDeploymentPostprocessing = 0;
		};
		3A9DC2322466E2A1000A7AB3 /* Resources */ = {
			isa = PBXResourcesBuildPhase;
			buildActionMask = 2147483647;
			files = (
			);
			runOnlyForDeploymentPostprocessing = 0;
		};
/* End PBXResourcesBuildPhase section */

/* Begin PBXShellScriptBuildPhase section */
		3A9DC2432466E563000A7AB3 /* Run Script */ = {
			isa = PBXShellScriptBuildPhase;
			buildActionMask = 2147483647;
			files = (
			);
			inputFileListPaths = (
			);
			inputPaths = (
			);
			name = "Run Script";
			outputFileListPaths = (
			);
			outputPaths = (
			);
			runOnlyForDeploymentPostprocessing = 0;
			shellPath = /bin/sh;
			shellScript = "if [ $CONFIGURATION = \"Debug\" ]; then\n${PODS_ROOT}/LicensePlist/license-plist --output-path $PRODUCT_NAME/Settings.bundle --github-token YOUR_GITHUB_TOKEN\nfi\n";
		};
		498AB81C8163847C6198B008 /* [CP] Embed Pods Frameworks */ = {
			isa = PBXShellScriptBuildPhase;
			buildActionMask = 2147483647;
			files = (
			);
			inputFileListPaths = (
				"${PODS_ROOT}/Target Support Files/Pods-SeasoningManagement/Pods-SeasoningManagement-frameworks-${CONFIGURATION}-input-files.xcfilelist",
			);
			name = "[CP] Embed Pods Frameworks";
			outputFileListPaths = (
				"${PODS_ROOT}/Target Support Files/Pods-SeasoningManagement/Pods-SeasoningManagement-frameworks-${CONFIGURATION}-output-files.xcfilelist",
			);
			runOnlyForDeploymentPostprocessing = 0;
			shellPath = /bin/sh;
			shellScript = "\"${PODS_ROOT}/Target Support Files/Pods-SeasoningManagement/Pods-SeasoningManagement-frameworks.sh\"\n";
			showEnvVarsInLog = 0;
		};
		64A4C398A1B2E667BB2F614F /* [CP] Check Pods Manifest.lock */ = {
			isa = PBXShellScriptBuildPhase;
			buildActionMask = 2147483647;
			files = (
			);
			inputFileListPaths = (
			);
			inputPaths = (
				"${PODS_PODFILE_DIR_PATH}/Podfile.lock",
				"${PODS_ROOT}/Manifest.lock",
			);
			name = "[CP] Check Pods Manifest.lock";
			outputFileListPaths = (
			);
			outputPaths = (
				"$(DERIVED_FILE_DIR)/Pods-SeasoningManagementTests-checkManifestLockResult.txt",
			);
			runOnlyForDeploymentPostprocessing = 0;
			shellPath = /bin/sh;
			shellScript = "diff \"${PODS_PODFILE_DIR_PATH}/Podfile.lock\" \"${PODS_ROOT}/Manifest.lock\" > /dev/null\nif [ $? != 0 ] ; then\n    # print error to STDERR\n    echo \"error: The sandbox is not in sync with the Podfile.lock. Run 'pod install' or update your CocoaPods installation.\" >&2\n    exit 1\nfi\n# This output is used by Xcode 'outputs' to avoid re-running this script phase.\necho \"SUCCESS\" > \"${SCRIPT_OUTPUT_FILE_0}\"\n";
			showEnvVarsInLog = 0;
		};
		709430EB83B7C54185084138 /* [CP] Embed Pods Frameworks */ = {
			isa = PBXShellScriptBuildPhase;
			buildActionMask = 2147483647;
			files = (
			);
			inputFileListPaths = (
				"${PODS_ROOT}/Target Support Files/Pods-SeasoningManagementTests/Pods-SeasoningManagementTests-frameworks-${CONFIGURATION}-input-files.xcfilelist",
			);
			name = "[CP] Embed Pods Frameworks";
			outputFileListPaths = (
				"${PODS_ROOT}/Target Support Files/Pods-SeasoningManagementTests/Pods-SeasoningManagementTests-frameworks-${CONFIGURATION}-output-files.xcfilelist",
			);
			runOnlyForDeploymentPostprocessing = 0;
			shellPath = /bin/sh;
			shellScript = "\"${PODS_ROOT}/Target Support Files/Pods-SeasoningManagementTests/Pods-SeasoningManagementTests-frameworks.sh\"\n";
			showEnvVarsInLog = 0;
		};
		BE303F38886261E1F50206FA /* [CP] Check Pods Manifest.lock */ = {
			isa = PBXShellScriptBuildPhase;
			buildActionMask = 2147483647;
			files = (
			);
			inputFileListPaths = (
			);
			inputPaths = (
				"${PODS_PODFILE_DIR_PATH}/Podfile.lock",
				"${PODS_ROOT}/Manifest.lock",
			);
			name = "[CP] Check Pods Manifest.lock";
			outputFileListPaths = (
			);
			outputPaths = (
				"$(DERIVED_FILE_DIR)/Pods-SeasoningManagement-checkManifestLockResult.txt",
			);
			runOnlyForDeploymentPostprocessing = 0;
			shellPath = /bin/sh;
			shellScript = "diff \"${PODS_PODFILE_DIR_PATH}/Podfile.lock\" \"${PODS_ROOT}/Manifest.lock\" > /dev/null\nif [ $? != 0 ] ; then\n    # print error to STDERR\n    echo \"error: The sandbox is not in sync with the Podfile.lock. Run 'pod install' or update your CocoaPods installation.\" >&2\n    exit 1\nfi\n# This output is used by Xcode 'outputs' to avoid re-running this script phase.\necho \"SUCCESS\" > \"${SCRIPT_OUTPUT_FILE_0}\"\n";
			showEnvVarsInLog = 0;
		};
/* End PBXShellScriptBuildPhase section */

/* Begin PBXSourcesBuildPhase section */
		3A9DC2152466E29F000A7AB3 /* Sources */ = {
			isa = PBXSourcesBuildPhase;
			buildActionMask = 2147483647;
			files = (
				3A9291F72498EFCE003F5869 /* SMAssetsColor.swift in Sources */,
				3A90794F24A4C66400CA29F8 /* SMSelectAddStockSeasoningTableViewCellSectionOfModel.swift in Sources */,
				3AA28D7A24790BF400DCACB8 /* SMSeasoningDataListViewController.swift in Sources */,
				3A166B8A246FE368002C2E36 /* SMDetailUsingSeasoningViewController.swift in Sources */,
				3A8E682E24756C6000033414 /* SMStockSeasoningTableViewCellModel.swift in Sources */,
				3A166B88246FE089002C2E36 /* SMAddUsingSeasoningViewController.swift in Sources */,
				3A13074824A75C0300297C85 /* SMSelectAddStockSeasoningTableViewModel.swift in Sources */,
				3A707381247012E700BACA4B /* SMUsingSeasoningCollectionViewCellSectionOfModel.swift in Sources */,
				3A483697247D58E300B8FA68 /* SMSeasoningDataListTableViewCell.swift in Sources */,
				3AD370AA248287D300DA7CCD /* SMSeasoningDataEditViewController.swift in Sources */,
				3A9DC2232466E29F000A7AB3 /* SMStockSeasoningViewController.swift in Sources */,
				3AB4E67E2471469300D52DDD /* SMUsingSeasoningCollectionViewModel.swift in Sources */,
				3A828D982467C40E00A05F01 /* SMSettingViewController.swift in Sources */,
				3A90794B24A4BFF400CA29F8 /* SMSelectAddStockSeasoningViewController.swift in Sources */,
				3A8E683024756C9100033414 /* SMStockSeasoningTableViewCellSectionOfModel.swift in Sources */,
				3A13074C24A7652500297C85 /* SMSelectAddSeasoningTableViewCell.swift in Sources */,
				3A57046F24B1A330000279E0 /* SMStockOneSeasoningListTableViewCellSectionOfModel.swift in Sources */,
				3A8E9B7124924D2900732C86 /* SMImageManager.swift in Sources */,
				3A70737F24700A7A00BACA4B /* SMUsingSeasoningCollectionViewCellModel.swift in Sources */,
				3AA055E32476B3F400CB6958 /* SMStockSeaoningTableViewCell.swift in Sources */,
				3A483699247D5DFF00B8FA68 /* SMSeasoningDataListTableViewCellSectionOfModel.swift in Sources */,
				3A483693247D540400B8FA68 /* SMSeasoningDataListTableViewCellModel.swift in Sources */,
				3A04E5FB246C0FD4004651E5 /* SMUsingSeasoningCollectionViewCell.swift in Sources */,
				3A9DC2212466E29F000A7AB3 /* SMUsingSeasoningViewController.swift in Sources */,
				3AA28D7C24790E6C00DCACB8 /* SMInputAddSeasoningDataViewController.swift in Sources */,
				3A57047124B1CB74000279E0 /* SMStockOneSeasoningTableViewModel.swift in Sources */,
				3A9DC21D2466E29F000A7AB3 /* AppDelegate.swift in Sources */,
				3AC164AA2497946A00B389F6 /* UIImageEx.swift in Sources */,
				3AA1C30724AF3ADE00999A34 /* SMAddStockSeasoningViewController.swift in Sources */,
				3A8C1CEA249A455700C92A43 /* SMSeasoningDataListHeaderView.swift in Sources */,
				3A8E682C24756BE200033414 /* SMStockSeasoningTableViewModel.swift in Sources */,
				3A4AF5A3248CD28D00256AF6 /* SMSeasoningDataEditTableViewHeader.swift in Sources */,
				3A57046B24B19F6F000279E0 /* SMStockOneSeasoningListViewController.swift in Sources */,
				3A9DC21F2466E29F000A7AB3 /* SceneDelegate.swift in Sources */,
				3A90794D24A4C26F00CA29F8 /* SMSelectAddStockSeasoningTableViewCellModel.swift in Sources */,
				3A9DC2292466E29F000A7AB3 /* SeasoningManagement.xcdatamodeld in Sources */,
				3A65B0342469842800267FFC /* SMCommonConst.swift in Sources */,
				3A9D4CA5247E9BF200BBEE08 /* SMSeasoningDataListTableViewModel.swift in Sources */,
				3A57046D24B1A314000279E0 /* SMStockOneSeasoningListTableViewCellModel.swift in Sources */,
			);
			runOnlyForDeploymentPostprocessing = 0;
		};
		3A9DC2302466E2A1000A7AB3 /* Sources */ = {
			isa = PBXSourcesBuildPhase;
			buildActionMask = 2147483647;
			files = (
				3A9DC2392466E2A1000A7AB3 /* SeasoningManagementTests.swift in Sources */,
			);
			runOnlyForDeploymentPostprocessing = 0;
		};
/* End PBXSourcesBuildPhase section */

/* Begin PBXTargetDependency section */
		3A9DC2362466E2A1000A7AB3 /* PBXTargetDependency */ = {
			isa = PBXTargetDependency;
			target = 3A9DC2182466E29F000A7AB3 /* SeasoningManagement */;
			targetProxy = 3A9DC2352466E2A1000A7AB3 /* PBXContainerItemProxy */;
		};
/* End PBXTargetDependency section */

/* Begin PBXVariantGroup section */
		3A9DC2242466E29F000A7AB3 /* Main.storyboard */ = {
			isa = PBXVariantGroup;
			children = (
				3A9DC2252466E29F000A7AB3 /* Base */,
			);
			name = Main.storyboard;
			sourceTree = "<group>";
		};
		3A9DC22C2466E2A0000A7AB3 /* LaunchScreen.storyboard */ = {
			isa = PBXVariantGroup;
			children = (
				3A9DC22D2466E2A0000A7AB3 /* Base */,
			);
			name = LaunchScreen.storyboard;
			sourceTree = "<group>";
		};
/* End PBXVariantGroup section */

/* Begin XCBuildConfiguration section */
		3A9DC23B2466E2A1000A7AB3 /* Debug */ = {
			isa = XCBuildConfiguration;
			buildSettings = {
				ALWAYS_SEARCH_USER_PATHS = NO;
				CLANG_ANALYZER_NONNULL = YES;
				CLANG_ANALYZER_NUMBER_OBJECT_CONVERSION = YES_AGGRESSIVE;
				CLANG_CXX_LANGUAGE_STANDARD = "gnu++14";
				CLANG_CXX_LIBRARY = "libc++";
				CLANG_ENABLE_MODULES = YES;
				CLANG_ENABLE_OBJC_ARC = YES;
				CLANG_ENABLE_OBJC_WEAK = YES;
				CLANG_WARN_BLOCK_CAPTURE_AUTORELEASING = YES;
				CLANG_WARN_BOOL_CONVERSION = YES;
				CLANG_WARN_COMMA = YES;
				CLANG_WARN_CONSTANT_CONVERSION = YES;
				CLANG_WARN_DEPRECATED_OBJC_IMPLEMENTATIONS = YES;
				CLANG_WARN_DIRECT_OBJC_ISA_USAGE = YES_ERROR;
				CLANG_WARN_DOCUMENTATION_COMMENTS = YES;
				CLANG_WARN_EMPTY_BODY = YES;
				CLANG_WARN_ENUM_CONVERSION = YES;
				CLANG_WARN_INFINITE_RECURSION = YES;
				CLANG_WARN_INT_CONVERSION = YES;
				CLANG_WARN_NON_LITERAL_NULL_CONVERSION = YES;
				CLANG_WARN_OBJC_IMPLICIT_RETAIN_SELF = YES;
				CLANG_WARN_OBJC_LITERAL_CONVERSION = YES;
				CLANG_WARN_OBJC_ROOT_CLASS = YES_ERROR;
				CLANG_WARN_RANGE_LOOP_ANALYSIS = YES;
				CLANG_WARN_STRICT_PROTOTYPES = YES;
				CLANG_WARN_SUSPICIOUS_MOVE = YES;
				CLANG_WARN_UNGUARDED_AVAILABILITY = YES_AGGRESSIVE;
				CLANG_WARN_UNREACHABLE_CODE = YES;
				CLANG_WARN__DUPLICATE_METHOD_MATCH = YES;
				COPY_PHASE_STRIP = NO;
				DEBUG_INFORMATION_FORMAT = dwarf;
				ENABLE_STRICT_OBJC_MSGSEND = YES;
				ENABLE_TESTABILITY = YES;
				GCC_C_LANGUAGE_STANDARD = gnu11;
				GCC_DYNAMIC_NO_PIC = NO;
				GCC_NO_COMMON_BLOCKS = YES;
				GCC_OPTIMIZATION_LEVEL = 0;
				GCC_PREPROCESSOR_DEFINITIONS = (
					"DEBUG=1",
					"$(inherited)",
				);
				GCC_WARN_64_TO_32_BIT_CONVERSION = YES;
				GCC_WARN_ABOUT_RETURN_TYPE = YES_ERROR;
				GCC_WARN_UNDECLARED_SELECTOR = YES;
				GCC_WARN_UNINITIALIZED_AUTOS = YES_AGGRESSIVE;
				GCC_WARN_UNUSED_FUNCTION = YES;
				GCC_WARN_UNUSED_VARIABLE = YES;
				IPHONEOS_DEPLOYMENT_TARGET = 13.0;
				MTL_ENABLE_DEBUG_INFO = INCLUDE_SOURCE;
				MTL_FAST_MATH = YES;
				ONLY_ACTIVE_ARCH = YES;
				SDKROOT = iphoneos;
				SWIFT_ACTIVE_COMPILATION_CONDITIONS = DEBUG;
				SWIFT_OPTIMIZATION_LEVEL = "-Onone";
			};
			name = Debug;
		};
		3A9DC23C2466E2A1000A7AB3 /* Release */ = {
			isa = XCBuildConfiguration;
			buildSettings = {
				ALWAYS_SEARCH_USER_PATHS = NO;
				CLANG_ANALYZER_NONNULL = YES;
				CLANG_ANALYZER_NUMBER_OBJECT_CONVERSION = YES_AGGRESSIVE;
				CLANG_CXX_LANGUAGE_STANDARD = "gnu++14";
				CLANG_CXX_LIBRARY = "libc++";
				CLANG_ENABLE_MODULES = YES;
				CLANG_ENABLE_OBJC_ARC = YES;
				CLANG_ENABLE_OBJC_WEAK = YES;
				CLANG_WARN_BLOCK_CAPTURE_AUTORELEASING = YES;
				CLANG_WARN_BOOL_CONVERSION = YES;
				CLANG_WARN_COMMA = YES;
				CLANG_WARN_CONSTANT_CONVERSION = YES;
				CLANG_WARN_DEPRECATED_OBJC_IMPLEMENTATIONS = YES;
				CLANG_WARN_DIRECT_OBJC_ISA_USAGE = YES_ERROR;
				CLANG_WARN_DOCUMENTATION_COMMENTS = YES;
				CLANG_WARN_EMPTY_BODY = YES;
				CLANG_WARN_ENUM_CONVERSION = YES;
				CLANG_WARN_INFINITE_RECURSION = YES;
				CLANG_WARN_INT_CONVERSION = YES;
				CLANG_WARN_NON_LITERAL_NULL_CONVERSION = YES;
				CLANG_WARN_OBJC_IMPLICIT_RETAIN_SELF = YES;
				CLANG_WARN_OBJC_LITERAL_CONVERSION = YES;
				CLANG_WARN_OBJC_ROOT_CLASS = YES_ERROR;
				CLANG_WARN_RANGE_LOOP_ANALYSIS = YES;
				CLANG_WARN_STRICT_PROTOTYPES = YES;
				CLANG_WARN_SUSPICIOUS_MOVE = YES;
				CLANG_WARN_UNGUARDED_AVAILABILITY = YES_AGGRESSIVE;
				CLANG_WARN_UNREACHABLE_CODE = YES;
				CLANG_WARN__DUPLICATE_METHOD_MATCH = YES;
				COPY_PHASE_STRIP = NO;
				DEBUG_INFORMATION_FORMAT = "dwarf-with-dsym";
				ENABLE_NS_ASSERTIONS = NO;
				ENABLE_STRICT_OBJC_MSGSEND = YES;
				GCC_C_LANGUAGE_STANDARD = gnu11;
				GCC_NO_COMMON_BLOCKS = YES;
				GCC_WARN_64_TO_32_BIT_CONVERSION = YES;
				GCC_WARN_ABOUT_RETURN_TYPE = YES_ERROR;
				GCC_WARN_UNDECLARED_SELECTOR = YES;
				GCC_WARN_UNINITIALIZED_AUTOS = YES_AGGRESSIVE;
				GCC_WARN_UNUSED_FUNCTION = YES;
				GCC_WARN_UNUSED_VARIABLE = YES;
				IPHONEOS_DEPLOYMENT_TARGET = 13.0;
				MTL_ENABLE_DEBUG_INFO = NO;
				MTL_FAST_MATH = YES;
				SDKROOT = iphoneos;
				SWIFT_COMPILATION_MODE = wholemodule;
				SWIFT_OPTIMIZATION_LEVEL = "-O";
				VALIDATE_PRODUCT = YES;
			};
			name = Release;
		};
		3A9DC23E2466E2A1000A7AB3 /* Debug */ = {
			isa = XCBuildConfiguration;
			baseConfigurationReference = 8DE0CEDFF81FA65B795A7C0A /* Pods-SeasoningManagement.debug.xcconfig */;
			buildSettings = {
				ALWAYS_EMBED_SWIFT_STANDARD_LIBRARIES = "$(inherited)";
				ASSETCATALOG_COMPILER_APPICON_NAME = AppIcon;
				CODE_SIGN_STYLE = Automatic;
				DEVELOPMENT_TEAM = RMVJT9K8W3;
				INFOPLIST_FILE = SeasoningManagement/Info.plist;
				IPHONEOS_DEPLOYMENT_TARGET = 13.0;
				LD_RUNPATH_SEARCH_PATHS = (
					"$(inherited)",
					"@executable_path/Frameworks",
				);
				PRODUCT_BUNDLE_IDENTIFIER = DIO0550.SeasoningManagement;
				PRODUCT_NAME = "$(TARGET_NAME)";
				SWIFT_VERSION = 5.0;
				TARGETED_DEVICE_FAMILY = "1,2";
			};
			name = Debug;
		};
		3A9DC23F2466E2A1000A7AB3 /* Release */ = {
			isa = XCBuildConfiguration;
			baseConfigurationReference = 1ECCB59D0AD016C3298DFB35 /* Pods-SeasoningManagement.release.xcconfig */;
			buildSettings = {
				ALWAYS_EMBED_SWIFT_STANDARD_LIBRARIES = "$(inherited)";
				ASSETCATALOG_COMPILER_APPICON_NAME = AppIcon;
				CODE_SIGN_STYLE = Automatic;
				DEVELOPMENT_TEAM = RMVJT9K8W3;
				INFOPLIST_FILE = SeasoningManagement/Info.plist;
				IPHONEOS_DEPLOYMENT_TARGET = 13.0;
				LD_RUNPATH_SEARCH_PATHS = (
					"$(inherited)",
					"@executable_path/Frameworks",
				);
				PRODUCT_BUNDLE_IDENTIFIER = DIO0550.SeasoningManagement;
				PRODUCT_NAME = "$(TARGET_NAME)";
				SWIFT_VERSION = 5.0;
				TARGETED_DEVICE_FAMILY = "1,2";
			};
			name = Release;
		};
		3A9DC2412466E2A1000A7AB3 /* Debug */ = {
			isa = XCBuildConfiguration;
			baseConfigurationReference = EA884A0158C71768F974450C /* Pods-SeasoningManagementTests.debug.xcconfig */;
			buildSettings = {
				ALWAYS_EMBED_SWIFT_STANDARD_LIBRARIES = "$(inherited)";
				BUNDLE_LOADER = "$(TEST_HOST)";
				CODE_SIGN_STYLE = Automatic;
				DEVELOPMENT_TEAM = RMVJT9K8W3;
				INFOPLIST_FILE = SeasoningManagementTests/Info.plist;
				IPHONEOS_DEPLOYMENT_TARGET = 13.2;
				LD_RUNPATH_SEARCH_PATHS = (
					"$(inherited)",
					"@executable_path/Frameworks",
					"@loader_path/Frameworks",
				);
				PRODUCT_BUNDLE_IDENTIFIER = DIO0550.SeasoningManagementTests;
				PRODUCT_NAME = "$(TARGET_NAME)";
				SWIFT_VERSION = 5.0;
				TARGETED_DEVICE_FAMILY = "1,2";
				TEST_HOST = "$(BUILT_PRODUCTS_DIR)/SeasoningManagement.app/SeasoningManagement";
			};
			name = Debug;
		};
		3A9DC2422466E2A1000A7AB3 /* Release */ = {
			isa = XCBuildConfiguration;
			baseConfigurationReference = D8D8ADF55958765BB38D7014 /* Pods-SeasoningManagementTests.release.xcconfig */;
			buildSettings = {
				ALWAYS_EMBED_SWIFT_STANDARD_LIBRARIES = "$(inherited)";
				BUNDLE_LOADER = "$(TEST_HOST)";
				CODE_SIGN_STYLE = Automatic;
				DEVELOPMENT_TEAM = RMVJT9K8W3;
				INFOPLIST_FILE = SeasoningManagementTests/Info.plist;
				IPHONEOS_DEPLOYMENT_TARGET = 13.2;
				LD_RUNPATH_SEARCH_PATHS = (
					"$(inherited)",
					"@executable_path/Frameworks",
					"@loader_path/Frameworks",
				);
				PRODUCT_BUNDLE_IDENTIFIER = DIO0550.SeasoningManagementTests;
				PRODUCT_NAME = "$(TARGET_NAME)";
				SWIFT_VERSION = 5.0;
				TARGETED_DEVICE_FAMILY = "1,2";
				TEST_HOST = "$(BUILT_PRODUCTS_DIR)/SeasoningManagement.app/SeasoningManagement";
			};
			name = Release;
		};
/* End XCBuildConfiguration section */

/* Begin XCConfigurationList section */
		3A9DC2142466E29F000A7AB3 /* Build configuration list for PBXProject "SeasoningManagement" */ = {
			isa = XCConfigurationList;
			buildConfigurations = (
				3A9DC23B2466E2A1000A7AB3 /* Debug */,
				3A9DC23C2466E2A1000A7AB3 /* Release */,
			);
			defaultConfigurationIsVisible = 0;
			defaultConfigurationName = Release;
		};
		3A9DC23D2466E2A1000A7AB3 /* Build configuration list for PBXNativeTarget "SeasoningManagement" */ = {
			isa = XCConfigurationList;
			buildConfigurations = (
				3A9DC23E2466E2A1000A7AB3 /* Debug */,
				3A9DC23F2466E2A1000A7AB3 /* Release */,
			);
			defaultConfigurationIsVisible = 0;
			defaultConfigurationName = Release;
		};
		3A9DC2402466E2A1000A7AB3 /* Build configuration list for PBXNativeTarget "SeasoningManagementTests" */ = {
			isa = XCConfigurationList;
			buildConfigurations = (
				3A9DC2412466E2A1000A7AB3 /* Debug */,
				3A9DC2422466E2A1000A7AB3 /* Release */,
			);
			defaultConfigurationIsVisible = 0;
			defaultConfigurationName = Release;
		};
/* End XCConfigurationList section */

/* Begin XCVersionGroup section */
		3A9DC2272466E29F000A7AB3 /* SeasoningManagement.xcdatamodeld */ = {
			isa = XCVersionGroup;
			children = (
				3A9DC2282466E29F000A7AB3 /* SeasoningManagement.xcdatamodel */,
			);
			currentVersion = 3A9DC2282466E29F000A7AB3 /* SeasoningManagement.xcdatamodel */;
			path = SeasoningManagement.xcdatamodeld;
			sourceTree = "<group>";
			versionGroupType = wrapper.xcdatamodel;
		};
/* End XCVersionGroup section */
	};
	rootObject = 3A9DC2112466E29F000A7AB3 /* Project object */;
}
