// !$*UTF8*$!
{
	archiveVersion = 1;
	classes = {
	};
	objectVersion = 50;
	objects = {

/* Begin PBXBuildFile section */
		260B0CA5027FE243ED4AD0EA /* Pods_SeasoningManagerCommon.framework in Frameworks */ = {isa = PBXBuildFile; fileRef = BEEDE482CE07B83C039C0B68 /* Pods_SeasoningManagerCommon.framework */; };
		3A40D54A24A8C5EC00DC49D5 /* DatePickerKeyboardTextField.swift in Sources */ = {isa = PBXBuildFile; fileRef = 3A40D54924A8C5EC00DC49D5 /* DatePickerKeyboardTextField.swift */; };
		3AA80CE72491039C00B1E9CC /* SeasoningManagerCommon.framework in Frameworks */ = {isa = PBXBuildFile; fileRef = 3AA80CDD2491039C00B1E9CC /* SeasoningManagerCommon.framework */; };
		3AA80CEC2491039C00B1E9CC /* SeasoningManagerCommonTests.swift in Sources */ = {isa = PBXBuildFile; fileRef = 3AA80CEB2491039C00B1E9CC /* SeasoningManagerCommonTests.swift */; };
		3AA80CEE2491039C00B1E9CC /* SeasoningManagerCommon.h in Headers */ = {isa = PBXBuildFile; fileRef = 3AA80CE02491039C00B1E9CC /* SeasoningManagerCommon.h */; settings = {ATTRIBUTES = (Public, ); }; };
/* End PBXBuildFile section */

/* Begin PBXContainerItemProxy section */
		3AA80CE82491039C00B1E9CC /* PBXContainerItemProxy */ = {
			isa = PBXContainerItemProxy;
			containerPortal = 3AA80CD42491039C00B1E9CC /* Project object */;
			proxyType = 1;
			remoteGlobalIDString = 3AA80CDC2491039C00B1E9CC;
			remoteInfo = SeasoningManagerCommon;
		};
/* End PBXContainerItemProxy section */

/* Begin PBXFileReference section */
		22C60452540720178EB6041C /* Pods-SeasoningManagerCommon.release.xcconfig */ = {isa = PBXFileReference; includeInIndex = 1; lastKnownFileType = text.xcconfig; name = "Pods-SeasoningManagerCommon.release.xcconfig"; path = "Target Support Files/Pods-SeasoningManagerCommon/Pods-SeasoningManagerCommon.release.xcconfig"; sourceTree = "<group>"; };
		3A40D54924A8C5EC00DC49D5 /* DatePickerKeyboardTextField.swift */ = {isa = PBXFileReference; lastKnownFileType = sourcecode.swift; path = DatePickerKeyboardTextField.swift; sourceTree = "<group>"; };
		3AA80CDD2491039C00B1E9CC /* SeasoningManagerCommon.framework */ = {isa = PBXFileReference; explicitFileType = wrapper.framework; includeInIndex = 0; path = SeasoningManagerCommon.framework; sourceTree = BUILT_PRODUCTS_DIR; };
		3AA80CE02491039C00B1E9CC /* SeasoningManagerCommon.h */ = {isa = PBXFileReference; lastKnownFileType = sourcecode.c.h; path = SeasoningManagerCommon.h; sourceTree = "<group>"; };
		3AA80CE12491039C00B1E9CC /* Info.plist */ = {isa = PBXFileReference; lastKnownFileType = text.plist.xml; path = Info.plist; sourceTree = "<group>"; };
		3AA80CE62491039C00B1E9CC /* SeasoningManagerCommonTests.xctest */ = {isa = PBXFileReference; explicitFileType = wrapper.cfbundle; includeInIndex = 0; path = SeasoningManagerCommonTests.xctest; sourceTree = BUILT_PRODUCTS_DIR; };
		3AA80CEB2491039C00B1E9CC /* SeasoningManagerCommonTests.swift */ = {isa = PBXFileReference; lastKnownFileType = sourcecode.swift; path = SeasoningManagerCommonTests.swift; sourceTree = "<group>"; };
		3AA80CED2491039C00B1E9CC /* Info.plist */ = {isa = PBXFileReference; lastKnownFileType = text.plist.xml; path = Info.plist; sourceTree = "<group>"; };
		BEEDE482CE07B83C039C0B68 /* Pods_SeasoningManagerCommon.framework */ = {isa = PBXFileReference; explicitFileType = wrapper.framework; includeInIndex = 0; path = Pods_SeasoningManagerCommon.framework; sourceTree = BUILT_PRODUCTS_DIR; };
		FBF917BB891315510AE38048 /* Pods-SeasoningManagerCommon.debug.xcconfig */ = {isa = PBXFileReference; includeInIndex = 1; lastKnownFileType = text.xcconfig; name = "Pods-SeasoningManagerCommon.debug.xcconfig"; path = "Target Support Files/Pods-SeasoningManagerCommon/Pods-SeasoningManagerCommon.debug.xcconfig"; sourceTree = "<group>"; };
/* End PBXFileReference section */

/* Begin PBXFrameworksBuildPhase section */
		3AA80CDA2491039C00B1E9CC /* Frameworks */ = {
			isa = PBXFrameworksBuildPhase;
			buildActionMask = 2147483647;
			files = (
				260B0CA5027FE243ED4AD0EA /* Pods_SeasoningManagerCommon.framework in Frameworks */,
			);
			runOnlyForDeploymentPostprocessing = 0;
		};
		3AA80CE32491039C00B1E9CC /* Frameworks */ = {
			isa = PBXFrameworksBuildPhase;
			buildActionMask = 2147483647;
			files = (
				3AA80CE72491039C00B1E9CC /* SeasoningManagerCommon.framework in Frameworks */,
			);
			runOnlyForDeploymentPostprocessing = 0;
		};
/* End PBXFrameworksBuildPhase section */

/* Begin PBXGroup section */
		0C06C2B3C91404BA41AE65E6 /* Pods */ = {
			isa = PBXGroup;
			children = (
				FBF917BB891315510AE38048 /* Pods-SeasoningManagerCommon.debug.xcconfig */,
				22C60452540720178EB6041C /* Pods-SeasoningManagerCommon.release.xcconfig */,
			);
			name = Pods;
			path = ../Pods;
			sourceTree = "<group>";
		};
		3A40D54824A8C4EF00DC49D5 /* Control */ = {
			isa = PBXGroup;
			children = (
				3A40D54924A8C5EC00DC49D5 /* DatePickerKeyboardTextField.swift */,
			);
			path = Control;
			sourceTree = "<group>";
		};
		3AA80CD32491039C00B1E9CC = {
			isa = PBXGroup;
			children = (
				3A40D54824A8C4EF00DC49D5 /* Control */,
				3AA80CDF2491039C00B1E9CC /* SeasoningManagerCommon */,
				3AA80CEA2491039C00B1E9CC /* SeasoningManagerCommonTests */,
				3AA80CDE2491039C00B1E9CC /* Products */,
				0C06C2B3C91404BA41AE65E6 /* Pods */,
				BFAF2C4F3E4D17E370850C6D /* Frameworks */,
			);
			sourceTree = "<group>";
		};
		3AA80CDE2491039C00B1E9CC /* Products */ = {
			isa = PBXGroup;
			children = (
				3AA80CDD2491039C00B1E9CC /* SeasoningManagerCommon.framework */,
				3AA80CE62491039C00B1E9CC /* SeasoningManagerCommonTests.xctest */,
			);
			name = Products;
			sourceTree = "<group>";
		};
		3AA80CDF2491039C00B1E9CC /* SeasoningManagerCommon */ = {
			isa = PBXGroup;
			children = (
				3AA80CE02491039C00B1E9CC /* SeasoningManagerCommon.h */,
				3AA80CE12491039C00B1E9CC /* Info.plist */,
			);
			path = SeasoningManagerCommon;
			sourceTree = "<group>";
		};
		3AA80CEA2491039C00B1E9CC /* SeasoningManagerCommonTests */ = {
			isa = PBXGroup;
			children = (
				3AA80CEB2491039C00B1E9CC /* SeasoningManagerCommonTests.swift */,
				3AA80CED2491039C00B1E9CC /* Info.plist */,
			);
			path = SeasoningManagerCommonTests;
			sourceTree = "<group>";
		};
		BFAF2C4F3E4D17E370850C6D /* Frameworks */ = {
			isa = PBXGroup;
			children = (
				BEEDE482CE07B83C039C0B68 /* Pods_SeasoningManagerCommon.framework */,
			);
			name = Frameworks;
			sourceTree = "<group>";
		};
/* End PBXGroup section */

/* Begin PBXHeadersBuildPhase section */
		3AA80CD82491039C00B1E9CC /* Headers */ = {
			isa = PBXHeadersBuildPhase;
			buildActionMask = 2147483647;
			files = (
				3AA80CEE2491039C00B1E9CC /* SeasoningManagerCommon.h in Headers */,
			);
			runOnlyForDeploymentPostprocessing = 0;
		};
/* End PBXHeadersBuildPhase section */

/* Begin PBXNativeTarget section */
		3AA80CDC2491039C00B1E9CC /* SeasoningManagerCommon */ = {
			isa = PBXNativeTarget;
			buildConfigurationList = 3AA80CF12491039C00B1E9CC /* Build configuration list for PBXNativeTarget "SeasoningManagerCommon" */;
			buildPhases = (
				60034C0BF22179883DBC054B /* [CP] Check Pods Manifest.lock */,
				3AA80CD82491039C00B1E9CC /* Headers */,
				3AA80CD92491039C00B1E9CC /* Sources */,
				3AA80CDA2491039C00B1E9CC /* Frameworks */,
				3AA80CDB2491039C00B1E9CC /* Resources */,
			);
			buildRules = (
			);
			dependencies = (
			);
			name = SeasoningManagerCommon;
			productName = SeasoningManagerCommon;
			productReference = 3AA80CDD2491039C00B1E9CC /* SeasoningManagerCommon.framework */;
			productType = "com.apple.product-type.framework";
		};
		3AA80CE52491039C00B1E9CC /* SeasoningManagerCommonTests */ = {
			isa = PBXNativeTarget;
			buildConfigurationList = 3AA80CF42491039C00B1E9CC /* Build configuration list for PBXNativeTarget "SeasoningManagerCommonTests" */;
			buildPhases = (
				3AA80CE22491039C00B1E9CC /* Sources */,
				3AA80CE32491039C00B1E9CC /* Frameworks */,
				3AA80CE42491039C00B1E9CC /* Resources */,
			);
			buildRules = (
			);
			dependencies = (
				3AA80CE92491039C00B1E9CC /* PBXTargetDependency */,
			);
			name = SeasoningManagerCommonTests;
			productName = SeasoningManagerCommonTests;
			productReference = 3AA80CE62491039C00B1E9CC /* SeasoningManagerCommonTests.xctest */;
			productType = "com.apple.product-type.bundle.unit-test";
		};
/* End PBXNativeTarget section */

/* Begin PBXProject section */
		3AA80CD42491039C00B1E9CC /* Project object */ = {
			isa = PBXProject;
			attributes = {
				LastSwiftUpdateCheck = 1130;
				LastUpgradeCheck = 1130;
				ORGANIZATIONNAME = DIO0550;
				TargetAttributes = {
					3AA80CDC2491039C00B1E9CC = {
						CreatedOnToolsVersion = 11.3.1;
						LastSwiftMigration = 1130;
					};
					3AA80CE52491039C00B1E9CC = {
						CreatedOnToolsVersion = 11.3.1;
					};
				};
			};
			buildConfigurationList = 3AA80CD72491039C00B1E9CC /* Build configuration list for PBXProject "SeasoningManagerCommon" */;
			compatibilityVersion = "Xcode 9.3";
			developmentRegion = en;
			hasScannedForEncodings = 0;
			knownRegions = (
				en,
				Base,
			);
			mainGroup = 3AA80CD32491039C00B1E9CC;
			productRefGroup = 3AA80CDE2491039C00B1E9CC /* Products */;
			projectDirPath = "";
			projectRoot = "";
			targets = (
				3AA80CDC2491039C00B1E9CC /* SeasoningManagerCommon */,
				3AA80CE52491039C00B1E9CC /* SeasoningManagerCommonTests */,
			);
		};
/* End PBXProject section */

/* Begin PBXResourcesBuildPhase section */
		3AA80CDB2491039C00B1E9CC /* Resources */ = {
			isa = PBXResourcesBuildPhase;
			buildActionMask = 2147483647;
			files = (
			);
			runOnlyForDeploymentPostprocessing = 0;
		};
		3AA80CE42491039C00B1E9CC /* Resources */ = {
			isa = PBXResourcesBuildPhase;
			buildActionMask = 2147483647;
			files = (
			);
			runOnlyForDeploymentPostprocessing = 0;
		};
/* End PBXResourcesBuildPhase section */

/* Begin PBXShellScriptBuildPhase section */
		60034C0BF22179883DBC054B /* [CP] Check Pods Manifest.lock */ = {
			isa = PBXShellScriptBuildPhase;
			buildActionMask = 2147483647;
			files = (
			);
			inputFileListPaths = (
			);
			inputPaths = (
				"${PODS_PODFILE_DIR_PATH}/Podfile.lock",
				"${PODS_ROOT}/Manifest.lock",
			);
			name = "[CP] Check Pods Manifest.lock";
			outputFileListPaths = (
			);
			outputPaths = (
				"$(DERIVED_FILE_DIR)/Pods-SeasoningManagerCommon-checkManifestLockResult.txt",
			);
			runOnlyForDeploymentPostprocessing = 0;
			shellPath = /bin/sh;
			shellScript = "diff \"${PODS_PODFILE_DIR_PATH}/Podfile.lock\" \"${PODS_ROOT}/Manifest.lock\" > /dev/null\nif [ $? != 0 ] ; then\n    # print error to STDERR\n    echo \"error: The sandbox is not in sync with the Podfile.lock. Run 'pod install' or update your CocoaPods installation.\" >&2\n    exit 1\nfi\n# This output is used by Xcode 'outputs' to avoid re-running this script phase.\necho \"SUCCESS\" > \"${SCRIPT_OUTPUT_FILE_0}\"\n";
			showEnvVarsInLog = 0;
		};
/* End PBXShellScriptBuildPhase section */

/* Begin PBXSourcesBuildPhase section */
		3AA80CD92491039C00B1E9CC /* Sources */ = {
			isa = PBXSourcesBuildPhase;
			buildActionMask = 2147483647;
			files = (
				3A40D54A24A8C5EC00DC49D5 /* DatePickerKeyboardTextField.swift in Sources */,
			);
			runOnlyForDeploymentPostprocessing = 0;
		};
		3AA80CE22491039C00B1E9CC /* Sources */ = {
			isa = PBXSourcesBuildPhase;
			buildActionMask = 2147483647;
			files = (
				3AA80CEC2491039C00B1E9CC /* SeasoningManagerCommonTests.swift in Sources */,
			);
			runOnlyForDeploymentPostprocessing = 0;
		};
/* End PBXSourcesBuildPhase section */

/* Begin PBXTargetDependency section */
		3AA80CE92491039C00B1E9CC /* PBXTargetDependency */ = {
			isa = PBXTargetDependency;
			target = 3AA80CDC2491039C00B1E9CC /* SeasoningManagerCommon */;
			targetProxy = 3AA80CE82491039C00B1E9CC /* PBXContainerItemProxy */;
		};
/* End PBXTargetDependency section */

/* Begin XCBuildConfiguration section */
		3AA80CEF2491039C00B1E9CC /* Debug */ = {
			isa = XCBuildConfiguration;
			buildSettings = {
				ALWAYS_SEARCH_USER_PATHS = NO;
				CLANG_ANALYZER_NONNULL = YES;
				CLANG_ANALYZER_NUMBER_OBJECT_CONVERSION = YES_AGGRESSIVE;
				CLANG_CXX_LANGUAGE_STANDARD = "gnu++14";
				CLANG_CXX_LIBRARY = "libc++";
				CLANG_ENABLE_MODULES = YES;
				CLANG_ENABLE_OBJC_ARC = YES;
				CLANG_ENABLE_OBJC_WEAK = YES;
				CLANG_WARN_BLOCK_CAPTURE_AUTORELEASING = YES;
				CLANG_WARN_BOOL_CONVERSION = YES;
				CLANG_WARN_COMMA = YES;
				CLANG_WARN_CONSTANT_CONVERSION = YES;
				CLANG_WARN_DEPRECATED_OBJC_IMPLEMENTATIONS = YES;
				CLANG_WARN_DIRECT_OBJC_ISA_USAGE = YES_ERROR;
				CLANG_WARN_DOCUMENTATION_COMMENTS = YES;
				CLANG_WARN_EMPTY_BODY = YES;
				CLANG_WARN_ENUM_CONVERSION = YES;
				CLANG_WARN_INFINITE_RECURSION = YES;
				CLANG_WARN_INT_CONVERSION = YES;
				CLANG_WARN_NON_LITERAL_NULL_CONVERSION = YES;
				CLANG_WARN_OBJC_IMPLICIT_RETAIN_SELF = YES;
				CLANG_WARN_OBJC_LITERAL_CONVERSION = YES;
				CLANG_WARN_OBJC_ROOT_CLASS = YES_ERROR;
				CLANG_WARN_RANGE_LOOP_ANALYSIS = YES;
				CLANG_WARN_STRICT_PROTOTYPES = YES;
				CLANG_WARN_SUSPICIOUS_MOVE = YES;
				CLANG_WARN_UNGUARDED_AVAILABILITY = YES_AGGRESSIVE;
				CLANG_WARN_UNREACHABLE_CODE = YES;
				CLANG_WARN__DUPLICATE_METHOD_MATCH = YES;
				COPY_PHASE_STRIP = NO;
				CURRENT_PROJECT_VERSION = 1;
				DEBUG_INFORMATION_FORMAT = dwarf;
				ENABLE_STRICT_OBJC_MSGSEND = YES;
				ENABLE_TESTABILITY = YES;
				GCC_C_LANGUAGE_STANDARD = gnu11;
				GCC_DYNAMIC_NO_PIC = NO;
				GCC_NO_COMMON_BLOCKS = YES;
				GCC_OPTIMIZATION_LEVEL = 0;
				GCC_PREPROCESSOR_DEFINITIONS = (
					"DEBUG=1",
					"$(inherited)",
				);
				GCC_WARN_64_TO_32_BIT_CONVERSION = YES;
				GCC_WARN_ABOUT_RETURN_TYPE = YES_ERROR;
				GCC_WARN_UNDECLARED_SELECTOR = YES;
				GCC_WARN_UNINITIALIZED_AUTOS = YES_AGGRESSIVE;
				GCC_WARN_UNUSED_FUNCTION = YES;
				GCC_WARN_UNUSED_VARIABLE = YES;
				IPHONEOS_DEPLOYMENT_TARGET = 13.2;
				MTL_ENABLE_DEBUG_INFO = INCLUDE_SOURCE;
				MTL_FAST_MATH = YES;
				ONLY_ACTIVE_ARCH = YES;
				SDKROOT = iphoneos;
				SWIFT_ACTIVE_COMPILATION_CONDITIONS = DEBUG;
				SWIFT_OPTIMIZATION_LEVEL = "-Onone";
				VERSIONING_SYSTEM = "apple-generic";
				VERSION_INFO_PREFIX = "";
			};
			name = Debug;
		};
		3AA80CF02491039C00B1E9CC /* Release */ = {
			isa = XCBuildConfiguration;
			buildSettings = {
				ALWAYS_SEARCH_USER_PATHS = NO;
				CLANG_ANALYZER_NONNULL = YES;
				CLANG_ANALYZER_NUMBER_OBJECT_CONVERSION = YES_AGGRESSIVE;
				CLANG_CXX_LANGUAGE_STANDARD = "gnu++14";
				CLANG_CXX_LIBRARY = "libc++";
				CLANG_ENABLE_MODULES = YES;
				CLANG_ENABLE_OBJC_ARC = YES;
				CLANG_ENABLE_OBJC_WEAK = YES;
				CLANG_WARN_BLOCK_CAPTURE_AUTORELEASING = YES;
				CLANG_WARN_BOOL_CONVERSION = YES;
				CLANG_WARN_COMMA = YES;
				CLANG_WARN_CONSTANT_CONVERSION = YES;
				CLANG_WARN_DEPRECATED_OBJC_IMPLEMENTATIONS = YES;
				CLANG_WARN_DIRECT_OBJC_ISA_USAGE = YES_ERROR;
				CLANG_WARN_DOCUMENTATION_COMMENTS = YES;
				CLANG_WARN_EMPTY_BODY = YES;
				CLANG_WARN_ENUM_CONVERSION = YES;
				CLANG_WARN_INFINITE_RECURSION = YES;
				CLANG_WARN_INT_CONVERSION = YES;
				CLANG_WARN_NON_LITERAL_NULL_CONVERSION = YES;
				CLANG_WARN_OBJC_IMPLICIT_RETAIN_SELF = YES;
				CLANG_WARN_OBJC_LITERAL_CONVERSION = YES;
				CLANG_WARN_OBJC_ROOT_CLASS = YES_ERROR;
				CLANG_WARN_RANGE_LOOP_ANALYSIS = YES;
				CLANG_WARN_STRICT_PROTOTYPES = YES;
				CLANG_WARN_SUSPICIOUS_MOVE = YES;
				CLANG_WARN_UNGUARDED_AVAILABILITY = YES_AGGRESSIVE;
				CLANG_WARN_UNREACHABLE_CODE = YES;
				CLANG_WARN__DUPLICATE_METHOD_MATCH = YES;
				COPY_PHASE_STRIP = NO;
				CURRENT_PROJECT_VERSION = 1;
				DEBUG_INFORMATION_FORMAT = "dwarf-with-dsym";
				ENABLE_NS_ASSERTIONS = NO;
				ENABLE_STRICT_OBJC_MSGSEND = YES;
				GCC_C_LANGUAGE_STANDARD = gnu11;
				GCC_NO_COMMON_BLOCKS = YES;
				GCC_WARN_64_TO_32_BIT_CONVERSION = YES;
				GCC_WARN_ABOUT_RETURN_TYPE = YES_ERROR;
				GCC_WARN_UNDECLARED_SELECTOR = YES;
				GCC_WARN_UNINITIALIZED_AUTOS = YES_AGGRESSIVE;
				GCC_WARN_UNUSED_FUNCTION = YES;
				GCC_WARN_UNUSED_VARIABLE = YES;
				IPHONEOS_DEPLOYMENT_TARGET = 13.2;
				MTL_ENABLE_DEBUG_INFO = NO;
				MTL_FAST_MATH = YES;
				SDKROOT = iphoneos;
				SWIFT_COMPILATION_MODE = wholemodule;
				SWIFT_OPTIMIZATION_LEVEL = "-O";
				VALIDATE_PRODUCT = YES;
				VERSIONING_SYSTEM = "apple-generic";
				VERSION_INFO_PREFIX = "";
			};
			name = Release;
		};
		3AA80CF22491039C00B1E9CC /* Debug */ = {
			isa = XCBuildConfiguration;
			baseConfigurationReference = FBF917BB891315510AE38048 /* Pods-SeasoningManagerCommon.debug.xcconfig */;
			buildSettings = {
				CLANG_ENABLE_MODULES = YES;
				CODE_SIGN_STYLE = Automatic;
				DEFINES_MODULE = YES;
				DEVELOPMENT_TEAM = RMVJT9K8W3;
				DYLIB_COMPATIBILITY_VERSION = 1;
				DYLIB_CURRENT_VERSION = 1;
				DYLIB_INSTALL_NAME_BASE = "@rpath";
				INFOPLIST_FILE = SeasoningManagerCommon/Info.plist;
				INSTALL_PATH = "$(LOCAL_LIBRARY_DIR)/Frameworks";
				IPHONEOS_DEPLOYMENT_TARGET = 13.0;
				LD_RUNPATH_SEARCH_PATHS = (
					"$(inherited)",
					"@executable_path/Frameworks",
					"@loader_path/Frameworks",
				);
				PRODUCT_BUNDLE_IDENTIFIER = DIO0550.SeasoningManagerCommon;
				PRODUCT_NAME = "$(TARGET_NAME:c99extidentifier)";
				SKIP_INSTALL = YES;
				SWIFT_OPTIMIZATION_LEVEL = "-Onone";
				SWIFT_VERSION = 5.0;
				TARGETED_DEVICE_FAMILY = "1,2";
			};
			name = Debug;
		};
		3AA80CF32491039C00B1E9CC /* Release */ = {
			isa = XCBuildConfiguration;
			baseConfigurationReference = 22C60452540720178EB6041C /* Pods-SeasoningManagerCommon.release.xcconfig */;
			buildSettings = {
				CLANG_ENABLE_MODULES = YES;
				CODE_SIGN_STYLE = Automatic;
				DEFINES_MODULE = YES;
				DEVELOPMENT_TEAM = RMVJT9K8W3;
				DYLIB_COMPATIBILITY_VERSION = 1;
				DYLIB_CURRENT_VERSION = 1;
				DYLIB_INSTALL_NAME_BASE = "@rpath";
				INFOPLIST_FILE = SeasoningManagerCommon/Info.plist;
				INSTALL_PATH = "$(LOCAL_LIBRARY_DIR)/Frameworks";
				IPHONEOS_DEPLOYMENT_TARGET = 13.0;
				LD_RUNPATH_SEARCH_PATHS = (
					"$(inherited)",
					"@executable_path/Frameworks",
					"@loader_path/Frameworks",
				);
				PRODUCT_BUNDLE_IDENTIFIER = DIO0550.SeasoningManagerCommon;
				PRODUCT_NAME = "$(TARGET_NAME:c99extidentifier)";
				SKIP_INSTALL = YES;
				SWIFT_VERSION = 5.0;
				TARGETED_DEVICE_FAMILY = "1,2";
			};
			name = Release;
		};
		3AA80CF52491039C00B1E9CC /* Debug */ = {
			isa = XCBuildConfiguration;
			buildSettings = {
				ALWAYS_EMBED_SWIFT_STANDARD_LIBRARIES = YES;
				CODE_SIGN_STYLE = Automatic;
				DEVELOPMENT_TEAM = RMVJT9K8W3;
				INFOPLIST_FILE = SeasoningManagerCommonTests/Info.plist;
				LD_RUNPATH_SEARCH_PATHS = (
					"$(inherited)",
					"@executable_path/Frameworks",
					"@loader_path/Frameworks",
				);
				PRODUCT_BUNDLE_IDENTIFIER = DIO0550.SeasoningManagerCommonTests;
				PRODUCT_NAME = "$(TARGET_NAME)";
				SWIFT_VERSION = 5.0;
				TARGETED_DEVICE_FAMILY = "1,2";
			};
			name = Debug;
		};
		3AA80CF62491039C00B1E9CC /* Release */ = {
			isa = XCBuildConfiguration;
			buildSettings = {
				ALWAYS_EMBED_SWIFT_STANDARD_LIBRARIES = YES;
				CODE_SIGN_STYLE = Automatic;
				DEVELOPMENT_TEAM = RMVJT9K8W3;
				INFOPLIST_FILE = SeasoningManagerCommonTests/Info.plist;
				LD_RUNPATH_SEARCH_PATHS = (
					"$(inherited)",
					"@executable_path/Frameworks",
					"@loader_path/Frameworks",
				);
				PRODUCT_BUNDLE_IDENTIFIER = DIO0550.SeasoningManagerCommonTests;
				PRODUCT_NAME = "$(TARGET_NAME)";
				SWIFT_VERSION = 5.0;
				TARGETED_DEVICE_FAMILY = "1,2";
			};
			name = Release;
		};
/* End XCBuildConfiguration section */

/* Begin XCConfigurationList section */
		3AA80CD72491039C00B1E9CC /* Build configuration list for PBXProject "SeasoningManagerCommon" */ = {
			isa = XCConfigurationList;
			buildConfigurations = (
				3AA80CEF2491039C00B1E9CC /* Debug */,
				3AA80CF02491039C00B1E9CC /* Release */,
			);
			defaultConfigurationIsVisible = 0;
			defaultConfigurationName = Release;
		};
		3AA80CF12491039C00B1E9CC /* Build configuration list for PBXNativeTarget "SeasoningManagerCommon" */ = {
			isa = XCConfigurationList;
			buildConfigurations = (
				3AA80CF22491039C00B1E9CC /* Debug */,
				3AA80CF32491039C00B1E9CC /* Release */,
			);
			defaultConfigurationIsVisible = 0;
			defaultConfigurationName = Release;
		};
		3AA80CF42491039C00B1E9CC /* Build configuration list for PBXNativeTarget "SeasoningManagerCommonTests" */ = {
			isa = XCConfigurationList;
			buildConfigurations = (
				3AA80CF52491039C00B1E9CC /* Debug */,
				3AA80CF62491039C00B1E9CC /* Release */,
			);
			defaultConfigurationIsVisible = 0;
			defaultConfigurationName = Release;
		};
/* End XCConfigurationList section */
	};
	rootObject = 3AA80CD42491039C00B1E9CC /* Project object */;
}
