// !$*UTF8*$!
{
	archiveVersion = 1;
	classes = {
	};
	objectVersion = 110;
	objects = {

/* Begin PBXContainerItemProxy section */
		3AD17420306AA21500436D21 /* PBXContainerItemProxy */ = {
			isa = PBXContainerItemProxy;
			containerPortal = 3AD17406306AA21500436D21 /* Project object */;
			proxyType = 1;
			remoteGlobalIDString = 3AD1740D306AA21500436D21;
			remoteInfo = SeasoningManager;
		};
		3AD1742A306AA21500436D21 /* PBXContainerItemProxy */ = {
			isa = PBXContainerItemProxy;
			containerPortal = 3AD17406306AA21500436D21 /* Project object */;
			proxyType = 1;
			remoteGlobalIDString = 3AD1740D306AA21500436D21;
			remoteInfo = SeasoningManager;
		};
/* End PBXContainerItemProxy section */

/* Begin PBXFileReference section */
		3AD1740E306AA21500436D21 /* SeasoningManager.app */ = {isa = PBXFileReference; explicitFileType = wrapper.application; includeInIndex = 0; path = SeasoningManager.app; sourceTree = BUILT_PRODUCTS_DIR; };
		3AD1741F306AA21500436D21 /* SeasoningManagerTests.xctest */ = {isa = PBXFileReference; explicitFileType = wrapper.cfbundle; includeInIndex = 0; path = SeasoningManagerTests.xctest; sourceTree = BUILT_PRODUCTS_DIR; };
		3AD17429306AA21500436D21 /* SeasoningManagerUITests.xctest */ = {isa = PBXFileReference; explicitFileType = wrapper.cfbundle; includeInIndex = 0; path = SeasoningManagerUITests.xctest; sourceTree = BUILT_PRODUCTS_DIR; };
/* End PBXFileReference section */

/* Begin PBXFileSystemSynchronizedBuildFileExceptionSet section */
		3AD1742F306AA21500436D21 /* Exceptions for "SeasoningManager" folder in "SeasoningManager" target */ = {
			isa = PBXFileSystemSynchronizedBuildFileExceptionSet;
			membershipExceptions = (
				Info.plist,
			);
			target = 3AD1740D306AA21500436D21 /* SeasoningManager */;
		};
/* End PBXFileSystemSynchronizedBuildFileExceptionSet section */

/* Begin PBXFileSystemSynchronizedRootGroup section */
		3AD17410306AA21500436D21 /* SeasoningManager */ = {
			isa = PBXFileSystemSynchronizedRootGroup;
			exceptions = (
				3AD1742F306AA21500436D21 /* Exceptions for "SeasoningManager" folder in "SeasoningManager" target */,
			);
			path = SeasoningManager;
			sourceTree = "<group>";
		};
		3AD17422306AA21500436D21 /* SeasoningManagerTests */ = {
			isa = PBXFileSystemSynchronizedRootGroup;
			path = SeasoningManagerTests;
			sourceTree = "<group>";
		};
		3AD1742C306AA21500436D21 /* SeasoningManagerUITests */ = {
			isa = PBXFileSystemSynchronizedRootGroup;
			path = SeasoningManagerUITests;
			sourceTree = "<group>";
		};
/* End PBXFileSystemSynchronizedRootGroup section */

/* Begin PBXFrameworksBuildPhase section */
		3AD1740B306AA21500436D21 /* Frameworks */ = {
			isa = PBXFrameworksBuildPhase;
			files = (
			);
		};
		3AD1741C306AA21500436D21 /* Frameworks */ = {
			isa = PBXFrameworksBuildPhase;
			files = (
			);
		};
		3AD17426306AA21500436D21 /* Frameworks */ = {
			isa = PBXFrameworksBuildPhase;
			files = (
			);
		};
/* End PBXFrameworksBuildPhase section */

/* Begin PBXGroup section */
		3AD17405306AA21500436D21 = {
			isa = PBXGroup;
			children = (
				3AD17410306AA21500436D21 /* SeasoningManager */,
				3AD17422306AA21500436D21 /* SeasoningManagerTests */,
				3AD1742C306AA21500436D21 /* SeasoningManagerUITests */,
				3AD1740F306AA21500436D21 /* Products */,
			);
			sourceTree = "<group>";
		};
		3AD1740F306AA21500436D21 /* Products */ = {
			isa = PBXGroup;
			children = (
				3AD1740E306AA21500436D21 /* SeasoningManager.app */,
				3AD1741F306AA21500436D21 /* SeasoningManagerTests.xctest */,
				3AD17429306AA21500436D21 /* SeasoningManagerUITests.xctest */,
			);
			name = Products;
			sourceTree = "<group>";
		};
/* End PBXGroup section */

/* Begin PBXNativeTarget section */
		3AD1740D306AA21500436D21 /* SeasoningManager */ = {
			isa = PBXNativeTarget;
			buildConfigurationList = 3AD17430306AA21500436D21 /* Build configuration list for PBXNativeTarget "SeasoningManager" */;
			buildPhases = (
				3AD1740A306AA21500436D21 /* Sources */,
				3AD1740B306AA21500436D21 /* Frameworks */,
				3AD1740C306AA21500436D21 /* Resources */,
			);
			buildRules = (
			);
			fileSystemSynchronizedGroups = (
				3AD17410306AA21500436D21 /* SeasoningManager */,
			);
			name = SeasoningManager;
			productName = SeasoningManager;
			productReference = 3AD1740E306AA21500436D21 /* SeasoningManager.app */;
			productType = "com.apple.product-type.application";
		};
		3AD1741E306AA21500436D21 /* SeasoningManagerTests */ = {
			isa = PBXNativeTarget;
			buildConfigurationList = 3AD17435306AA21500436D21 /* Build configuration list for PBXNativeTarget "SeasoningManagerTests" */;
			buildPhases = (
				3AD1741B306AA21500436D21 /* Sources */,
				3AD1741C306AA21500436D21 /* Frameworks */,
				3AD1741D306AA21500436D21 /* Resources */,
			);
			buildRules = (
			);
			dependencies = (
				3AD17421306AA21500436D21 /* PBXTargetDependency */,
			);
			fileSystemSynchronizedGroups = (
				3AD17422306AA21500436D21 /* SeasoningManagerTests */,
			);
			name = SeasoningManagerTests;
			productName = SeasoningManagerTests;
			productReference = 3AD1741F306AA21500436D21 /* SeasoningManagerTests.xctest */;
			productType = "com.apple.product-type.bundle.unit-test";
		};
		3AD17428306AA21500436D21 /* SeasoningManagerUITests */ = {
			isa = PBXNativeTarget;
			buildConfigurationList = 3AD17438306AA21500436D21 /* Build configuration list for PBXNativeTarget "SeasoningManagerUITests" */;
			buildPhases = (
				3AD17425306AA21500436D21 /* Sources */,
				3AD17426306AA21500436D21 /* Frameworks */,
				3AD17427306AA21500436D21 /* Resources */,
			);
			buildRules = (
			);
			dependencies = (
				3AD1742B306AA21500436D21 /* PBXTargetDependency */,
			);
			fileSystemSynchronizedGroups = (
				3AD1742C306AA21500436D21 /* SeasoningManagerUITests */,
			);
			name = SeasoningManagerUITests;
			productName = SeasoningManagerUITests;
			productReference = 3AD17429306AA21500436D21 /* SeasoningManagerUITests.xctest */;
			productType = "com.apple.product-type.bundle.ui-testing";
		};
/* End PBXNativeTarget section */

/* Begin PBXProject section */
		3AD17406306AA21500436D21 /* Project object */ = {
			isa = PBXProject;
			attributes = {
				BuildIndependentTargetsInParallel = 1;
				LastSwiftUpdateCheck = 2700;
				LastUpgradeCheck = 2700;
				TargetAttributes = {
					3AD1740D306AA21500436D21 = {
						CreatedOnToolsVersion = 27.0;
					};
					3AD1741E306AA21500436D21 = {
						CreatedOnToolsVersion = 27.0;
						TestTargetID = 3AD1740D306AA21500436D21;
					};
					3AD17428306AA21500436D21 = {
						CreatedOnToolsVersion = 27.0;
						TestTargetID = 3AD1740D306AA21500436D21;
					};
				};
			};
			buildConfigurationList = 3AD17409306AA21500436D21 /* Build configuration list for PBXProject "SeasoningManager" */;
			developmentRegion = en;
			hasScannedForEncodings = 0;
			knownRegions = (
				en,
				Base,
			);
			mainGroup = 3AD17405306AA21500436D21;
			minimizedProjectReferenceProxies = 1;
			preferredProjectObjectVersion = 77;
			productRefGroup = 3AD1740F306AA21500436D21 /* Products */;
			projectDirPath = "";
			projectRoot = "";
			targets = (
				3AD1740D306AA21500436D21 /* SeasoningManager */,
				3AD1741E306AA21500436D21 /* SeasoningManagerTests */,
				3AD17428306AA21500436D21 /* SeasoningManagerUITests */,
			);
		};
/* End PBXProject section */

/* Begin PBXResourcesBuildPhase section */
		3AD1740C306AA21500436D21 /* Resources */ = {
			isa = PBXResourcesBuildPhase;
			files = (
			);
		};
		3AD1741D306AA21500436D21 /* Resources */ = {
			isa = PBXResourcesBuildPhase;
			files = (
			);
		};
		3AD17427306AA21500436D21 /* Resources */ = {
			isa = PBXResourcesBuildPhase;
			files = (
			);
		};
/* End PBXResourcesBuildPhase section */

/* Begin PBXSourcesBuildPhase section */
		3AD1740A306AA21500436D21 /* Sources */ = {
			isa = PBXSourcesBuildPhase;
			files = (
			);
		};
		3AD1741B306AA21500436D21 /* Sources */ = {
			isa = PBXSourcesBuildPhase;
			files = (
			);
		};
		3AD17425306AA21500436D21 /* Sources */ = {
			isa = PBXSourcesBuildPhase;
			files = (
			);
		};
/* End PBXSourcesBuildPhase section */

/* Begin PBXTargetDependency section */
		3AD17421306AA21500436D21 /* PBXTargetDependency */ = {
			isa = PBXTargetDependency;
			target = 3AD1740D306AA21500436D21 /* SeasoningManager */;
			targetProxy = 3AD17420306AA21500436D21 /* PBXContainerItemProxy */;
		};
		3AD1742B306AA21500436D21 /* PBXTargetDependency */ = {
			isa = PBXTargetDependency;
			target = 3AD1740D306AA21500436D21 /* SeasoningManager */;
			targetProxy = 3AD1742A306AA21500436D21 /* PBXContainerItemProxy */;
		};
/* End PBXTargetDependency section */

/* Begin XCBuildConfiguration section */
		3AD17431306AA21500436D21 /* Debug configuration for PBXNativeTarget "SeasoningManager" */ = {
			isa = XCBuildConfiguration;
			buildSettings = {
				ASSETCATALOG_COMPILER_APPICON_NAME = AppIcon;
				ASSETCATALOG_COMPILER_GLOBAL_ACCENT_COLOR_NAME = AccentColor;
				CODE_SIGN_ENTITLEMENTS = SeasoningManager/SeasoningManager.entitlements;
				CODE_SIGN_STYLE = Automatic;
				CURRENT_PROJECT_VERSION = 1;
				ENABLE_PREVIEWS = YES;
				GENERATE_INFOPLIST_FILE = YES;
				INFOPLIST_FILE = SeasoningManager/Info.plist;
				INFOPLIST_KEY_UIApplicationSceneManifest_Generation = YES;
				INFOPLIST_KEY_UIApplicationSupportsIndirectInputEvents = YES;
				INFOPLIST_KEY_UILaunchScreen_Generation = YES;
				INFOPLIST_KEY_UISupportedInterfaceOrientations_iPad = "UIInterfaceOrientationPortrait UIInterfaceOrientationPortraitUpsideDown UIInterfaceOrientationLandscapeLeft UIInterfaceOrientationLandscapeRight";
				INFOPLIST_KEY_UISupportedInterfaceOrientations_iPhone = "UIInterfaceOrientationPortrait UIInterfaceOrientationLandscapeLeft UIInterfaceOrientationLandscapeRight";
				LD_RUNPATH_SEARCH_PATHS = (
					"$(inherited)",
					"@executable_path/Frameworks",
				);
				MARKETING_VERSION = 1.0;
				PRODUCT_BUNDLE_IDENTIFIER = DIO0550.SeasoningManager;
				PRODUCT_NAME = "$(TARGET_NAME)";
				STRING_CATALOG_GENERATE_SYMBOLS = YES;
				SWIFT_APPROACHABLE_CONCURRENCY = YES;
				SWIFT_DEFAULT_ACTOR_ISOLATION = MainActor;
				SWIFT_EMIT_LOC_STRINGS = YES;
				SWIFT_UPCOMING_FEATURE_MEMBER_IMPORT_VISIBILITY = YES;
				SWIFT_VERSION = 5.0;
				TARGETED_DEVICE_FAMILY = "1,2";
			};
			name = Debug;
		};
		3AD17432306AA21500436D21 /* Release configuration for PBXNativeTarget "SeasoningManager" */ = {
			isa = XCBuildConfiguration;
			buildSettings = {
				ASSETCATALOG_COMPILER_APPICON_NAME = AppIcon;
				ASSETCATALOG_COMPILER_GLOBAL_ACCENT_COLOR_NAME = AccentColor;
				CODE_SIGN_ENTITLEMENTS = SeasoningManager/SeasoningManager.entitlements;
				CODE_SIGN_STYLE = Automatic;
				CURRENT_PROJECT_VERSION = 1;
				ENABLE_PREVIEWS = YES;
				GENERATE_INFOPLIST_FILE = YES;
				INFOPLIST_FILE = SeasoningManager/Info.plist;
				INFOPLIST_KEY_UIApplicationSceneManifest_Generation = YES;
				INFOPLIST_KEY_UIApplicationSupportsIndirectInputEvents = YES;
				INFOPLIST_KEY_UILaunchScreen_Generation = YES;
				INFOPLIST_KEY_UISupportedInterfaceOrientations_iPad = "UIInterfaceOrientationPortrait UIInterfaceOrientationPortraitUpsideDown UIInterfaceOrientationLandscapeLeft UIInterfaceOrientationLandscapeRight";
				INFOPLIST_KEY_UISupportedInterfaceOrientations_iPhone = "UIInterfaceOrientationPortrait UIInterfaceOrientationLandscapeLeft UIInterfaceOrientationLandscapeRight";
				LD_RUNPATH_SEARCH_PATHS = (
					"$(inherited)",
					"@executable_path/Frameworks",
				);
				MARKETING_VERSION = 1.0;
				PRODUCT_BUNDLE_IDENTIFIER = DIO0550.SeasoningManager;
				PRODUCT_NAME = "$(TARGET_NAME)";
				STRING_CATALOG_GENERATE_SYMBOLS = YES;
				SWIFT_APPROACHABLE_CONCURRENCY = YES;
				SWIFT_DEFAULT_ACTOR_ISOLATION = MainActor;
				SWIFT_EMIT_LOC_STRINGS = YES;
				SWIFT_UPCOMING_FEATURE_MEMBER_IMPORT_VISIBILITY = YES;
				SWIFT_VERSION = 5.0;
				TARGETED_DEVICE_FAMILY = "1,2";
			};
			name = Release;
		};
		3AD17433306AA21500436D21 /* Debug configuration for PBXProject "SeasoningManager" */ = {
			isa = XCBuildConfiguration;
			buildSettings = {
				ALWAYS_SEARCH_USER_PATHS = NO;
				ASSETCATALOG_COMPILER_GENERATE_SWIFT_ASSET_SYMBOL_EXTENSIONS = YES;
				CLANG_ANALYZER_NONNULL = YES;
				CLANG_ANALYZER_NUMBER_OBJECT_CONVERSION = YES_AGGRESSIVE;
				CLANG_CXX_LANGUAGE_STANDARD = "gnu++20";
				CLANG_ENABLE_MODULES = YES;
				CLANG_ENABLE_OBJC_ARC = YES;
				CLANG_ENABLE_OBJC_WEAK = YES;
				CLANG_WARN_BLOCK_CAPTURE_AUTORELEASING = YES;
				CLANG_WARN_BOOL_CONVERSION = YES;
				CLANG_WARN_COMMA = YES;
				CLANG_WARN_CONSTANT_CONVERSION = YES;
				CLANG_WARN_DEPRECATED_OBJC_IMPLEMENTATIONS = YES;
				CLANG_WARN_DIRECT_OBJC_ISA_USAGE = YES_ERROR;
				CLANG_WARN_DOCUMENTATION_COMMENTS = YES;
				CLANG_WARN_EMPTY_BODY = YES;
				CLANG_WARN_ENUM_CONVERSION = YES;
				CLANG_WARN_INFINITE_RECURSION = YES;
				CLANG_WARN_INT_CONVERSION = YES;
				CLANG_WARN_NON_LITERAL_NULL_CONVERSION = YES;
				CLANG_WARN_OBJC_IMPLICIT_RETAIN_SELF = YES;
				CLANG_WARN_OBJC_LITERAL_CONVERSION = YES;
				CLANG_WARN_OBJC_ROOT_CLASS = YES_ERROR;
				CLANG_WARN_QUOTED_INCLUDE_IN_FRAMEWORK_HEADER = YES;
				CLANG_WARN_RANGE_LOOP_ANALYSIS = YES;
				CLANG_WARN_STRICT_PROTOTYPES = YES;
				CLANG_WARN_SUSPICIOUS_MOVE = YES;
				CLANG_WARN_UNGUARDED_AVAILABILITY = YES_AGGRESSIVE;
				CLANG_WARN_UNREACHABLE_CODE = YES;
				CLANG_WARN__DUPLICATE_METHOD_MATCH = YES;
				COPY_PHASE_STRIP = NO;
				DEBUG_INFORMATION_FORMAT = dwarf;
				ENABLE_STRICT_OBJC_MSGSEND = YES;
				ENABLE_TESTABILITY = YES;
				ENABLE_USER_SCRIPT_SANDBOXING = YES;
				GCC_C_LANGUAGE_STANDARD = gnu17;
				GCC_DYNAMIC_NO_PIC = NO;
				GCC_NO_COMMON_BLOCKS = YES;
				GCC_OPTIMIZATION_LEVEL = 0;
				GCC_PREPROCESSOR_DEFINITIONS = (
					"DEBUG=1",
					"$(inherited)",
				);
				GCC_WARN_64_TO_32_BIT_CONVERSION = YES;
				GCC_WARN_ABOUT_RETURN_TYPE = YES_ERROR;
				GCC_WARN_UNDECLARED_SELECTOR = YES;
				GCC_WARN_UNINITIALIZED_AUTOS = YES_AGGRESSIVE;
				GCC_WARN_UNUSED_FUNCTION = YES;
				GCC_WARN_UNUSED_VARIABLE = YES;
				IPHONEOS_DEPLOYMENT_TARGET = 27.0;
				LOCALIZATION_PREFERS_STRING_CATALOGS = YES;
				MTL_ENABLE_DEBUG_INFO = INCLUDE_SOURCE;
				MTL_FAST_MATH = YES;
				ONLY_ACTIVE_ARCH = YES;
				SDKROOT = iphoneos;
				SWIFT_ACTIVE_COMPILATION_CONDITIONS = "DEBUG $(inherited)";
				SWIFT_OPTIMIZATION_LEVEL = "-Onone";
			};
			name = Debug;
		};
		3AD17434306AA21500436D21 /* Release configuration for PBXProject "SeasoningManager" */ = {
			isa = XCBuildConfiguration;
			buildSettings = {
				ALWAYS_SEARCH_USER_PATHS = NO;
				ASSETCATALOG_COMPILER_GENERATE_SWIFT_ASSET_SYMBOL_EXTENSIONS = YES;
				CLANG_ANALYZER_NONNULL = YES;
				CLANG_ANALYZER_NUMBER_OBJECT_CONVERSION = YES_AGGRESSIVE;
				CLANG_CXX_LANGUAGE_STANDARD = "gnu++20";
				CLANG_ENABLE_MODULES = YES;
				CLANG_ENABLE_OBJC_ARC = YES;
				CLANG_ENABLE_OBJC_WEAK = YES;
				CLANG_WARN_BLOCK_CAPTURE_AUTORELEASING = YES;
				CLANG_WARN_BOOL_CONVERSION = YES;
				CLANG_WARN_COMMA = YES;
				CLANG_WARN_CONSTANT_CONVERSION = YES;
				CLANG_WARN_DEPRECATED_OBJC_IMPLEMENTATIONS = YES;
				CLANG_WARN_DIRECT_OBJC_ISA_USAGE = YES_ERROR;
				CLANG_WARN_DOCUMENTATION_COMMENTS = YES;
				CLANG_WARN_EMPTY_BODY = YES;
				CLANG_WARN_ENUM_CONVERSION = YES;
				CLANG_WARN_INFINITE_RECURSION = YES;
				CLANG_WARN_INT_CONVERSION = YES;
				CLANG_WARN_NON_LITERAL_NULL_CONVERSION = YES;
				CLANG_WARN_OBJC_IMPLICIT_RETAIN_SELF = YES;
				CLANG_WARN_OBJC_LITERAL_CONVERSION = YES;
				CLANG_WARN_OBJC_ROOT_CLASS = YES_ERROR;
				CLANG_WARN_QUOTED_INCLUDE_IN_FRAMEWORK_HEADER = YES;
				CLANG_WARN_RANGE_LOOP_ANALYSIS = YES;
				CLANG_WARN_STRICT_PROTOTYPES = YES;
				CLANG_WARN_SUSPICIOUS_MOVE = YES;
				CLANG_WARN_UNGUARDED_AVAILABILITY = YES_AGGRESSIVE;
				CLANG_WARN_UNREACHABLE_CODE = YES;
				CLANG_WARN__DUPLICATE_METHOD_MATCH = YES;
				COPY_PHASE_STRIP = NO;
				DEBUG_INFORMATION_FORMAT = "dwarf-with-dsym";
				ENABLE_NS_ASSERTIONS = NO;
				ENABLE_STRICT_OBJC_MSGSEND = YES;
				ENABLE_USER_SCRIPT_SANDBOXING = YES;
				GCC_C_LANGUAGE_STANDARD = gnu17;
				GCC_NO_COMMON_BLOCKS = YES;
				GCC_WARN_64_TO_32_BIT_CONVERSION = YES;
				GCC_WARN_ABOUT_RETURN_TYPE = YES_ERROR;
				GCC_WARN_UNDECLARED_SELECTOR = YES;
				GCC_WARN_UNINITIALIZED_AUTOS = YES_AGGRESSIVE;
				GCC_WARN_UNUSED_FUNCTION = YES;
				GCC_WARN_UNUSED_VARIABLE = YES;
				IPHONEOS_DEPLOYMENT_TARGET = 27.0;
				LOCALIZATION_PREFERS_STRING_CATALOGS = YES;
				MTL_ENABLE_DEBUG_INFO = NO;
				MTL_FAST_MATH = YES;
				SDKROOT = iphoneos;
				SWIFT_COMPILATION_MODE = wholemodule;
				VALIDATE_PRODUCT = YES;
			};
			name = Release;
		};
		3AD17436306AA21500436D21 /* Debug configuration for PBXNativeTarget "SeasoningManagerTests" */ = {
			isa = XCBuildConfiguration;
			buildSettings = {
				BUNDLE_LOADER = "$(TEST_HOST)";
				CODE_SIGN_STYLE = Automatic;
				CURRENT_PROJECT_VERSION = 1;
				GENERATE_INFOPLIST_FILE = YES;
				IPHONEOS_DEPLOYMENT_TARGET = 27.0;
				MARKETING_VERSION = 1.0;
				PRODUCT_BUNDLE_IDENTIFIER = DIO0550.SeasoningManagerTests;
				PRODUCT_NAME = "$(TARGET_NAME)";
				STRING_CATALOG_GENERATE_SYMBOLS = NO;
				SWIFT_APPROACHABLE_CONCURRENCY = YES;
				SWIFT_EMIT_LOC_STRINGS = NO;
				SWIFT_UPCOMING_FEATURE_MEMBER_IMPORT_VISIBILITY = YES;
				SWIFT_VERSION = 5.0;
				TARGETED_DEVICE_FAMILY = "1,2";
				TEST_HOST = "$(BUILT_PRODUCTS_DIR)/SeasoningManager.app/$(BUNDLE_EXECUTABLE_FOLDER_PATH)/SeasoningManager";
			};
			name = Debug;
		};
		3AD17437306AA21500436D21 /* Release configuration for PBXNativeTarget "SeasoningManagerTests" */ = {
			isa = XCBuildConfiguration;
			buildSettings = {
				BUNDLE_LOADER = "$(TEST_HOST)";
				CODE_SIGN_STYLE = Automatic;
				CURRENT_PROJECT_VERSION = 1;
				GENERATE_INFOPLIST_FILE = YES;
				IPHONEOS_DEPLOYMENT_TARGET = 27.0;
				MARKETING_VERSION = 1.0;
				PRODUCT_BUNDLE_IDENTIFIER = DIO0550.SeasoningManagerTests;
				PRODUCT_NAME = "$(TARGET_NAME)";
				STRING_CATALOG_GENERATE_SYMBOLS = NO;
				SWIFT_APPROACHABLE_CONCURRENCY = YES;
				SWIFT_EMIT_LOC_STRINGS = NO;
				SWIFT_UPCOMING_FEATURE_MEMBER_IMPORT_VISIBILITY = YES;
				SWIFT_VERSION = 5.0;
				TARGETED_DEVICE_FAMILY = "1,2";
				TEST_HOST = "$(BUILT_PRODUCTS_DIR)/SeasoningManager.app/$(BUNDLE_EXECUTABLE_FOLDER_PATH)/SeasoningManager";
			};
			name = Release;
		};
		3AD17439306AA21500436D21 /* Debug configuration for PBXNativeTarget "SeasoningManagerUITests" */ = {
			isa = XCBuildConfiguration;
			buildSettings = {
				CODE_SIGN_STYLE = Automatic;
				CURRENT_PROJECT_VERSION = 1;
				GENERATE_INFOPLIST_FILE = YES;
				MARKETING_VERSION = 1.0;
				PRODUCT_BUNDLE_IDENTIFIER = DIO0550.SeasoningManagerUITests;
				PRODUCT_NAME = "$(TARGET_NAME)";
				STRING_CATALOG_GENERATE_SYMBOLS = NO;
				SWIFT_APPROACHABLE_CONCURRENCY = YES;
				SWIFT_EMIT_LOC_STRINGS = NO;
				SWIFT_UPCOMING_FEATURE_MEMBER_IMPORT_VISIBILITY = YES;
				SWIFT_VERSION = 5.0;
				TARGETED_DEVICE_FAMILY = "1,2";
				TEST_TARGET_NAME = SeasoningManager;
			};
			name = Debug;
		};
		3AD1743A306AA21500436D21 /* Release configuration for PBXNativeTarget "SeasoningManagerUITests" */ = {
			isa = XCBuildConfiguration;
			buildSettings = {
				CODE_SIGN_STYLE = Automatic;
				CURRENT_PROJECT_VERSION = 1;
				GENERATE_INFOPLIST_FILE = YES;
				MARKETING_VERSION = 1.0;
				PRODUCT_BUNDLE_IDENTIFIER = DIO0550.SeasoningManagerUITests;
				PRODUCT_NAME = "$(TARGET_NAME)";
				STRING_CATALOG_GENERATE_SYMBOLS = NO;
				SWIFT_APPROACHABLE_CONCURRENCY = YES;
				SWIFT_EMIT_LOC_STRINGS = NO;
				SWIFT_UPCOMING_FEATURE_MEMBER_IMPORT_VISIBILITY = YES;
				SWIFT_VERSION = 5.0;
				TARGETED_DEVICE_FAMILY = "1,2";
				TEST_TARGET_NAME = SeasoningManager;
			};
			name = Release;
		};
/* End XCBuildConfiguration section */

/* Begin XCConfigurationList section */
		3AD17409306AA21500436D21 /* Build configuration list for PBXProject "SeasoningManager" */ = {
			isa = XCConfigurationList;
			buildConfigurations = (
				3AD17433306AA21500436D21 /* Debug configuration for PBXProject "SeasoningManager" */,
				3AD17434306AA21500436D21 /* Release configuration for PBXProject "SeasoningManager" */,
			);
			defaultConfigurationName = Release;
		};
		3AD17430306AA21500436D21 /* Build configuration list for PBXNativeTarget "SeasoningManager" */ = {
			isa = XCConfigurationList;
			buildConfigurations = (
				3AD17431306AA21500436D21 /* Debug configuration for PBXNativeTarget "SeasoningManager" */,
				3AD17432306AA21500436D21 /* Release configuration for PBXNativeTarget "SeasoningManager" */,
			);
			defaultConfigurationName = Release;
		};
		3AD17435306AA21500436D21 /* Build configuration list for PBXNativeTarget "SeasoningManagerTests" */ = {
			isa = XCConfigurationList;
			buildConfigurations = (
				3AD17436306AA21500436D21 /* Debug configuration for PBXNativeTarget "SeasoningManagerTests" */,
				3AD17437306AA21500436D21 /* Release configuration for PBXNativeTarget "SeasoningManagerTests" */,
			);
			defaultConfigurationName = Release;
		};
		3AD17438306AA21500436D21 /* Build configuration list for PBXNativeTarget "SeasoningManagerUITests" */ = {
			isa = XCConfigurationList;
			buildConfigurations = (
				3AD17439306AA21500436D21 /* Debug configuration for PBXNativeTarget "SeasoningManagerUITests" */,
				3AD1743A306AA21500436D21 /* Release configuration for PBXNativeTarget "SeasoningManagerUITests" */,
			);
			defaultConfigurationName = Release;
		};
/* End XCConfigurationList section */
	};
	rootObject = 3AD17406306AA21500436D21 /* Project object */;
	validationLevel = 1;
}
